// !$*UTF8*$!
{
	archiveVersion = 1;
	classes = {
	};
	objectVersion = 50;
	objects = {

/* Begin PBXBuildFile section */
		E412427126D932BD00CBD253 /* CategoryRow.swift in Sources */ = {isa = PBXBuildFile; fileRef = E412427026D932BD00CBD253 /* CategoryRow.swift */; };
		E412427326D933C200CBD253 /* CategoryItem.swift in Sources */ = {isa = PBXBuildFile; fileRef = E412427226D933C200CBD253 /* CategoryItem.swift */; };
		E41DFE6126D954B200934ECF /* Profile.swift in Sources */ = {isa = PBXBuildFile; fileRef = E41DFE6026D954B200934ECF /* Profile.swift */; };
		E41DFE6326D9550300934ECF /* ProfileHost.swift in Sources */ = {isa = PBXBuildFile; fileRef = E41DFE6226D9550300934ECF /* ProfileHost.swift */; };
		E41DFE6626D955DF00934ECF /* ProfileSummary.swift in Sources */ = {isa = PBXBuildFile; fileRef = E41DFE6526D955DF00934ECF /* ProfileSummary.swift */; };
		E41DFE6826D9566B00934ECF /* HikeBadge.swift in Sources */ = {isa = PBXBuildFile; fileRef = E41DFE6726D9566B00934ECF /* HikeBadge.swift */; };
		E41DFE6A26D95C2900934ECF /* ProfileEditor.swift in Sources */ = {isa = PBXBuildFile; fileRef = E41DFE6926D95C2900934ECF /* ProfileEditor.swift */; };
		E4255CD226D42E3700EB6D46 /* LandmarkDetail.swift in Sources */ = {isa = PBXBuildFile; fileRef = E4255CD126D42E3700EB6D46 /* LandmarkDetail.swift */; };
		E4255CD426D588DA00EB6D46 /* FavoriteButton.swift in Sources */ = {isa = PBXBuildFile; fileRef = E4255CD326D588DA00EB6D46 /* FavoriteButton.swift */; };
		E462FE9E26D9305600820E2D /* CategoryHome.swift in Sources */ = {isa = PBXBuildFile; fileRef = E462FE9D26D9305600820E2D /* CategoryHome.swift */; };
		E46B372026DA4727001C292A /* FeatureCard.swift in Sources */ = {isa = PBXBuildFile; fileRef = E46B371C26DA4727001C292A /* FeatureCard.swift */; };
		E46B372126DA4727001C292A /* PageControl.swift in Sources */ = {isa = PBXBuildFile; fileRef = E46B371D26DA4727001C292A /* PageControl.swift */; };
		E46B372226DA4727001C292A /* PageViewController.swift in Sources */ = {isa = PBXBuildFile; fileRef = E46B371E26DA4727001C292A /* PageViewController.swift */; };
		E46B372326DA4727001C292A /* PageView.swift in Sources */ = {isa = PBXBuildFile; fileRef = E46B371F26DA4727001C292A /* PageView.swift */; };
		E48B9C7B26D19D5F00817E32 /* LandmarksApp.swift in Sources */ = {isa = PBXBuildFile; fileRef = E48B9C7A26D19D5F00817E32 /* LandmarksApp.swift */; };
		E48B9C7D26D19D5F00817E32 /* ContentView.swift in Sources */ = {isa = PBXBuildFile; fileRef = E48B9C7C26D19D5F00817E32 /* ContentView.swift */; };
		E48B9C7F26D19D6000817E32 /* Assets.xcassets in Resources */ = {isa = PBXBuildFile; fileRef = E48B9C7E26D19D6000817E32 /* Assets.xcassets */; };
		E48B9C8226D19D6000817E32 /* Preview Assets.xcassets in Resources */ = {isa = PBXBuildFile; fileRef = E48B9C8126D19D6000817E32 /* Preview Assets.xcassets */; };
		E48B9C8A26D19F9100817E32 /* CircleImage.swift in Sources */ = {isa = PBXBuildFile; fileRef = E48B9C8926D19F9100817E32 /* CircleImage.swift */; };
		E48B9C8C26D1A05000817E32 /* MapView.swift in Sources */ = {isa = PBXBuildFile; fileRef = E48B9C8B26D1A05000817E32 /* MapView.swift */; };
		E48B9C8E26D1A30A00817E32 /* landmarkData.json in Resources */ = {isa = PBXBuildFile; fileRef = E48B9C8D26D1A30A00817E32 /* landmarkData.json */; };
		E48B9C9026D1A33000817E32 /* Landmark.swift in Sources */ = {isa = PBXBuildFile; fileRef = E48B9C8F26D1A33000817E32 /* Landmark.swift */; };
		E48B9C9226D1A4A700817E32 /* ModelData.swift in Sources */ = {isa = PBXBuildFile; fileRef = E48B9C9126D1A4A700817E32 /* ModelData.swift */; };
		E48B9C9726D1A5BA00817E32 /* LandmarkRow.swift in Sources */ = {isa = PBXBuildFile; fileRef = E48B9C9626D1A5BA00817E32 /* LandmarkRow.swift */; };
		E48B9C9926D1A6E500817E32 /* LandmarkList.swift in Sources */ = {isa = PBXBuildFile; fileRef = E48B9C9826D1A6E500817E32 /* LandmarkList.swift */; };
		E4BB312B26D81D9200D77F4C /* hikeData.json in Resources */ = {isa = PBXBuildFile; fileRef = E4BB312A26D81D9200D77F4C /* hikeData.json */; };
		E4BB312D26D81DAF00D77F4C /* Hike.swift in Sources */ = {isa = PBXBuildFile; fileRef = E4BB312C26D81DAF00D77F4C /* Hike.swift */; };
		E4BB313326D81F1500D77F4C /* GraphCapsule.swift in Sources */ = {isa = PBXBuildFile; fileRef = E4BB312F26D81F1500D77F4C /* GraphCapsule.swift */; };
		E4BB313426D81F1500D77F4C /* HikeGraph.swift in Sources */ = {isa = PBXBuildFile; fileRef = E4BB313026D81F1500D77F4C /* HikeGraph.swift */; };
		E4BB313526D81F1500D77F4C /* HikeDetail.swift in Sources */ = {isa = PBXBuildFile; fileRef = E4BB313126D81F1500D77F4C /* HikeDetail.swift */; };
		E4BB313626D81F1500D77F4C /* HikeView.swift in Sources */ = {isa = PBXBuildFile; fileRef = E4BB313226D81F1500D77F4C /* HikeView.swift */; };
		E4C6C46326D6B38600089F10 /* HexagonParameters.swift in Sources */ = {isa = PBXBuildFile; fileRef = E4C6C46226D6B38600089F10 /* HexagonParameters.swift */; };
		E4C6C46526D6B46C00089F10 /* BadgeBackground.swift in Sources */ = {isa = PBXBuildFile; fileRef = E4C6C46426D6B46C00089F10 /* BadgeBackground.swift */; };
		E4C6C46726D6B93F00089F10 /* BadgeSymbol.swift in Sources */ = {isa = PBXBuildFile; fileRef = E4C6C46626D6B93F00089F10 /* BadgeSymbol.swift */; };
		E4C6C46926D6BA3900089F10 /* RotatedBadgeSymbol.swift .swift in Sources */ = {isa = PBXBuildFile; fileRef = E4C6C46826D6BA3900089F10 /* RotatedBadgeSymbol.swift .swift */; };
		E4C6C46B26D6BAC300089F10 /* Badge.swift in Sources */ = {isa = PBXBuildFile; fileRef = E4C6C46A26D6BAC300089F10 /* Badge.swift */; };
		E4DE13F526DC250F001C7BF5 /* ContentView.swift in Sources */ = {isa = PBXBuildFile; fileRef = E4DE13F426DC250F001C7BF5 /* ContentView.swift */; };
		E4DE13F726DC2510001C7BF5 /* Assets.xcassets in Resources */ = {isa = PBXBuildFile; fileRef = E4DE13F626DC2510001C7BF5 /* Assets.xcassets */; };
		E4DE13FA26DC2510001C7BF5 /* Preview Assets.xcassets in Resources */ = {isa = PBXBuildFile; fileRef = E4DE13F926DC2510001C7BF5 /* Preview Assets.xcassets */; };
		E4DE140026DC2542001C7BF5 /* Landmark.swift in Sources */ = {isa = PBXBuildFile; fileRef = E48B9C8F26D1A33000817E32 /* Landmark.swift */; };
		E4DE140126DC2542001C7BF5 /* Hike.swift in Sources */ = {isa = PBXBuildFile; fileRef = E4BB312C26D81DAF00D77F4C /* Hike.swift */; };
		E4DE140226DC2542001C7BF5 /* FavoriteButton.swift in Sources */ = {isa = PBXBuildFile; fileRef = E4255CD326D588DA00EB6D46 /* FavoriteButton.swift */; };
		E4DE140326DC2542001C7BF5 /* Assets.xcassets in Resources */ = {isa = PBXBuildFile; fileRef = E48B9C7E26D19D6000817E32 /* Assets.xcassets */; };
		E4DE140426DC2542001C7BF5 /* LandmarksApp.swift in Sources */ = {isa = PBXBuildFile; fileRef = E48B9C7A26D19D5F00817E32 /* LandmarksApp.swift */; };
		E4DE140526DC2542001C7BF5 /* MapView.swift in Sources */ = {isa = PBXBuildFile; fileRef = E48B9C8B26D1A05000817E32 /* MapView.swift */; };
		E4DE140626DC2542001C7BF5 /* landmarkData.json in Resources */ = {isa = PBXBuildFile; fileRef = E48B9C8D26D1A30A00817E32 /* landmarkData.json */; };
		E4DE140726DC2542001C7BF5 /* Profile.swift in Sources */ = {isa = PBXBuildFile; fileRef = E41DFE6026D954B200934ECF /* Profile.swift */; };
		E4DE140826DC2542001C7BF5 /* CircleImage.swift in Sources */ = {isa = PBXBuildFile; fileRef = E48B9C8926D19F9100817E32 /* CircleImage.swift */; };
		E4DE140926DC2542001C7BF5 /* LandmarkRow.swift in Sources */ = {isa = PBXBuildFile; fileRef = E48B9C9626D1A5BA00817E32 /* LandmarkRow.swift */; };
		E4DE140A26DC2542001C7BF5 /* ModelData.swift in Sources */ = {isa = PBXBuildFile; fileRef = E48B9C9126D1A4A700817E32 /* ModelData.swift */; };
		E4DE140B26DC2542001C7BF5 /* LandmarkList.swift in Sources */ = {isa = PBXBuildFile; fileRef = E48B9C9826D1A6E500817E32 /* LandmarkList.swift */; };
		E4DE140C26DC2542001C7BF5 /* hikeData.json in Resources */ = {isa = PBXBuildFile; fileRef = E4BB312A26D81D9200D77F4C /* hikeData.json */; };
		E4DE140E26DC2607001C7BF5 /* LanmarkDetail.swift in Sources */ = {isa = PBXBuildFile; fileRef = E4DE140D26DC2607001C7BF5 /* LanmarkDetail.swift */; };
		E4DE141026DC28C2001C7BF5 /* LandmarkList.swift in Sources */ = {isa = PBXBuildFile; fileRef = E4DE140F26DC28C2001C7BF5 /* LandmarkList.swift */; };
		E4DE141226DC2A5D001C7BF5 /* LandmarkCommands.swift in Sources */ = {isa = PBXBuildFile; fileRef = E4DE141126DC2A5D001C7BF5 /* LandmarkCommands.swift */; };
		E4DE141326DC2A5D001C7BF5 /* LandmarkCommands.swift in Sources */ = {isa = PBXBuildFile; fileRef = E4DE141126DC2A5D001C7BF5 /* LandmarkCommands.swift */; };
		E4DE141526DC2BFA001C7BF5 /* LandmarkSettings.swift in Sources */ = {isa = PBXBuildFile; fileRef = E4DE141426DC2BFA001C7BF5 /* LandmarkSettings.swift */; };
		E4E2839E26DBDB58006BAE2E /* Assets.xcassets in Resources */ = {isa = PBXBuildFile; fileRef = E4E2839D26DBDB58006BAE2E /* Assets.xcassets */; };
		E4E283A526DBDB58006BAE2E /* WatchLandmarks Extension.appex in Embed App Extensions */ = {isa = PBXBuildFile; fileRef = E4E283A426DBDB58006BAE2E /* WatchLandmarks Extension.appex */; settings = {ATTRIBUTES = (RemoveHeadersOnCopy, ); }; };
		E4E283AC26DBDB58006BAE2E /* ContentView.swift in Sources */ = {isa = PBXBuildFile; fileRef = E4E283AB26DBDB58006BAE2E /* ContentView.swift */; };
		E4E283AE26DBDB58006BAE2E /* NotificationController.swift in Sources */ = {isa = PBXBuildFile; fileRef = E4E283AD26DBDB58006BAE2E /* NotificationController.swift */; };
		E4E283B026DBDB58006BAE2E /* NotificationView.swift in Sources */ = {isa = PBXBuildFile; fileRef = E4E283AF26DBDB58006BAE2E /* NotificationView.swift */; };
		E4E283B226DBDB58006BAE2E /* ComplicationController.swift in Sources */ = {isa = PBXBuildFile; fileRef = E4E283B126DBDB58006BAE2E /* ComplicationController.swift */; };
		E4E283B426DBDB59006BAE2E /* Assets.xcassets in Resources */ = {isa = PBXBuildFile; fileRef = E4E283B326DBDB59006BAE2E /* Assets.xcassets */; };
		E4E283B726DBDB59006BAE2E /* Preview Assets.xcassets in Resources */ = {isa = PBXBuildFile; fileRef = E4E283B626DBDB59006BAE2E /* Preview Assets.xcassets */; };
		E4E283BC26DBDB59006BAE2E /* WatchLandmarks.app in Embed Watch Content */ = {isa = PBXBuildFile; fileRef = E4E2839B26DBDB57006BAE2E /* WatchLandmarks.app */; settings = {ATTRIBUTES = (RemoveHeadersOnCopy, ); }; };
		E4E283C526DBDD5C006BAE2E /* ModelData.swift in Sources */ = {isa = PBXBuildFile; fileRef = E48B9C9126D1A4A700817E32 /* ModelData.swift */; };
		E4E283C626DBDD5C006BAE2E /* Assets.xcassets in Resources */ = {isa = PBXBuildFile; fileRef = E48B9C7E26D19D6000817E32 /* Assets.xcassets */; };
		E4E283C826DBDD5C006BAE2E /* CircleImage.swift in Sources */ = {isa = PBXBuildFile; fileRef = E48B9C8926D19F9100817E32 /* CircleImage.swift */; };
		E4E283C926DBDD5C006BAE2E /* Hike.swift in Sources */ = {isa = PBXBuildFile; fileRef = E4BB312C26D81DAF00D77F4C /* Hike.swift */; };
		E4E283CA26DBDD5C006BAE2E /* LandmarkRow.swift in Sources */ = {isa = PBXBuildFile; fileRef = E48B9C9626D1A5BA00817E32 /* LandmarkRow.swift */; };
		E4E283CB26DBDD5C006BAE2E /* LandmarksApp.swift in Sources */ = {isa = PBXBuildFile; fileRef = E48B9C7A26D19D5F00817E32 /* LandmarksApp.swift */; };
		E4E283CC26DBDD5C006BAE2E /* Landmark.swift in Sources */ = {isa = PBXBuildFile; fileRef = E48B9C8F26D1A33000817E32 /* Landmark.swift */; };
		E4E283CD26DBDD5C006BAE2E /* hikeData.json in Resources */ = {isa = PBXBuildFile; fileRef = E4BB312A26D81D9200D77F4C /* hikeData.json */; };
		E4E283CE26DBDD5C006BAE2E /* landmarkData.json in Resources */ = {isa = PBXBuildFile; fileRef = E48B9C8D26D1A30A00817E32 /* landmarkData.json */; };
		E4E283CF26DBDD5C006BAE2E /* MapView.swift in Sources */ = {isa = PBXBuildFile; fileRef = E48B9C8B26D1A05000817E32 /* MapView.swift */; };
		E4E283D026DBDD5C006BAE2E /* Profile.swift in Sources */ = {isa = PBXBuildFile; fileRef = E41DFE6026D954B200934ECF /* Profile.swift */; };
		E4E283D226DBDDED006BAE2E /* LandmarkDetail.swift in Sources */ = {isa = PBXBuildFile; fileRef = E4E283D126DBDDED006BAE2E /* LandmarkDetail.swift */; };
/* End PBXBuildFile section */

/* Begin PBXContainerItemProxy section */
		E4E283A626DBDB58006BAE2E /* PBXContainerItemProxy */ = {
			isa = PBXContainerItemProxy;
			containerPortal = E48B9C6F26D19D5E00817E32 /* Project object */;
			proxyType = 1;
			remoteGlobalIDString = E4E283A326DBDB58006BAE2E;
			remoteInfo = "WatchLandmarks Extension";
		};
		E4E283BA26DBDB59006BAE2E /* PBXContainerItemProxy */ = {
			isa = PBXContainerItemProxy;
			containerPortal = E48B9C6F26D19D5E00817E32 /* Project object */;
			proxyType = 1;
			remoteGlobalIDString = E4E2839A26DBDB57006BAE2E;
			remoteInfo = WatchLandmarks;
		};
/* End PBXContainerItemProxy section */

/* Begin PBXCopyFilesBuildPhase section */
		E4E283BD26DBDB59006BAE2E /* Embed Watch Content */ = {
			isa = PBXCopyFilesBuildPhase;
			buildActionMask = 2147483647;
			dstPath = "$(CONTENTS_FOLDER_PATH)/Watch";
			dstSubfolderSpec = 16;
			files = (
				E4E283BC26DBDB59006BAE2E /* WatchLandmarks.app in Embed Watch Content */,
			);
			name = "Embed Watch Content";
			runOnlyForDeploymentPostprocessing = 0;
		};
		E4E283C026DBDB59006BAE2E /* Embed App Extensions */ = {
			isa = PBXCopyFilesBuildPhase;
			buildActionMask = 2147483647;
			dstPath = "";
			dstSubfolderSpec = 13;
			files = (
				E4E283A526DBDB58006BAE2E /* WatchLandmarks Extension.appex in Embed App Extensions */,
			);
			name = "Embed App Extensions";
			runOnlyForDeploymentPostprocessing = 0;
		};
/* End PBXCopyFilesBuildPhase section */

/* Begin PBXFileReference section */
		E412427026D932BD00CBD253 /* CategoryRow.swift */ = {isa = PBXFileReference; lastKnownFileType = sourcecode.swift; path = CategoryRow.swift; sourceTree = "<group>"; };
		E412427226D933C200CBD253 /* CategoryItem.swift */ = {isa = PBXFileReference; lastKnownFileType = sourcecode.swift; path = CategoryItem.swift; sourceTree = "<group>"; };
		E41DFE6026D954B200934ECF /* Profile.swift */ = {isa = PBXFileReference; lastKnownFileType = sourcecode.swift; path = Profile.swift; sourceTree = "<group>"; };
		E41DFE6226D9550300934ECF /* ProfileHost.swift */ = {isa = PBXFileReference; lastKnownFileType = sourcecode.swift; path = ProfileHost.swift; sourceTree = "<group>"; };
		E41DFE6526D955DF00934ECF /* ProfileSummary.swift */ = {isa = PBXFileReference; lastKnownFileType = sourcecode.swift; path = ProfileSummary.swift; sourceTree = "<group>"; };
		E41DFE6726D9566B00934ECF /* HikeBadge.swift */ = {isa = PBXFileReference; lastKnownFileType = sourcecode.swift; path = HikeBadge.swift; sourceTree = "<group>"; };
		E41DFE6926D95C2900934ECF /* ProfileEditor.swift */ = {isa = PBXFileReference; lastKnownFileType = sourcecode.swift; path = ProfileEditor.swift; sourceTree = "<group>"; };
		E4255CD126D42E3700EB6D46 /* LandmarkDetail.swift */ = {isa = PBXFileReference; lastKnownFileType = sourcecode.swift; path = LandmarkDetail.swift; sourceTree = "<group>"; };
		E4255CD326D588DA00EB6D46 /* FavoriteButton.swift */ = {isa = PBXFileReference; lastKnownFileType = sourcecode.swift; path = FavoriteButton.swift; sourceTree = "<group>"; };
		E462FE9D26D9305600820E2D /* CategoryHome.swift */ = {isa = PBXFileReference; lastKnownFileType = sourcecode.swift; path = CategoryHome.swift; sourceTree = "<group>"; };
		E46B371C26DA4727001C292A /* FeatureCard.swift */ = {isa = PBXFileReference; fileEncoding = 4; lastKnownFileType = sourcecode.swift; path = FeatureCard.swift; sourceTree = "<group>"; };
		E46B371D26DA4727001C292A /* PageControl.swift */ = {isa = PBXFileReference; fileEncoding = 4; lastKnownFileType = sourcecode.swift; path = PageControl.swift; sourceTree = "<group>"; };
		E46B371E26DA4727001C292A /* PageViewController.swift */ = {isa = PBXFileReference; fileEncoding = 4; lastKnownFileType = sourcecode.swift; path = PageViewController.swift; sourceTree = "<group>"; };
		E46B371F26DA4727001C292A /* PageView.swift */ = {isa = PBXFileReference; fileEncoding = 4; lastKnownFileType = sourcecode.swift; path = PageView.swift; sourceTree = "<group>"; };
		E48B9C7726D19D5F00817E32 /* Landmarks.app */ = {isa = PBXFileReference; explicitFileType = wrapper.application; includeInIndex = 0; path = Landmarks.app; sourceTree = BUILT_PRODUCTS_DIR; };
		E48B9C7A26D19D5F00817E32 /* LandmarksApp.swift */ = {isa = PBXFileReference; lastKnownFileType = sourcecode.swift; path = LandmarksApp.swift; sourceTree = "<group>"; };
		E48B9C7C26D19D5F00817E32 /* ContentView.swift */ = {isa = PBXFileReference; lastKnownFileType = sourcecode.swift; path = ContentView.swift; sourceTree = "<group>"; };
		E48B9C7E26D19D6000817E32 /* Assets.xcassets */ = {isa = PBXFileReference; lastKnownFileType = folder.assetcatalog; path = Assets.xcassets; sourceTree = "<group>"; };
		E48B9C8126D19D6000817E32 /* Preview Assets.xcassets */ = {isa = PBXFileReference; lastKnownFileType = folder.assetcatalog; path = "Preview Assets.xcassets"; sourceTree = "<group>"; };
		E48B9C8326D19D6000817E32 /* Info.plist */ = {isa = PBXFileReference; lastKnownFileType = text.plist.xml; path = Info.plist; sourceTree = "<group>"; };
		E48B9C8926D19F9100817E32 /* CircleImage.swift */ = {isa = PBXFileReference; lastKnownFileType = sourcecode.swift; path = CircleImage.swift; sourceTree = "<group>"; };
		E48B9C8B26D1A05000817E32 /* MapView.swift */ = {isa = PBXFileReference; lastKnownFileType = sourcecode.swift; path = MapView.swift; sourceTree = "<group>"; };
		E48B9C8D26D1A30A00817E32 /* landmarkData.json */ = {isa = PBXFileReference; fileEncoding = 4; lastKnownFileType = text.json; path = landmarkData.json; sourceTree = "<group>"; };
		E48B9C8F26D1A33000817E32 /* Landmark.swift */ = {isa = PBXFileReference; lastKnownFileType = sourcecode.swift; path = Landmark.swift; sourceTree = "<group>"; };
		E48B9C9126D1A4A700817E32 /* ModelData.swift */ = {isa = PBXFileReference; lastKnownFileType = sourcecode.swift; path = ModelData.swift; sourceTree = "<group>"; };
		E48B9C9626D1A5BA00817E32 /* LandmarkRow.swift */ = {isa = PBXFileReference; lastKnownFileType = sourcecode.swift; name = LandmarkRow.swift; path = Landmarks/Views/Landmarks/LandmarkRow.swift; sourceTree = SOURCE_ROOT; };
		E48B9C9826D1A6E500817E32 /* LandmarkList.swift */ = {isa = PBXFileReference; lastKnownFileType = sourcecode.swift; path = LandmarkList.swift; sourceTree = "<group>"; };
		E4BB312A26D81D9200D77F4C /* hikeData.json */ = {isa = PBXFileReference; fileEncoding = 4; lastKnownFileType = text.json; path = hikeData.json; sourceTree = "<group>"; };
		E4BB312C26D81DAF00D77F4C /* Hike.swift */ = {isa = PBXFileReference; lastKnownFileType = sourcecode.swift; path = Hike.swift; sourceTree = "<group>"; };
		E4BB312F26D81F1500D77F4C /* GraphCapsule.swift */ = {isa = PBXFileReference; fileEncoding = 4; lastKnownFileType = sourcecode.swift; path = GraphCapsule.swift; sourceTree = "<group>"; };
		E4BB313026D81F1500D77F4C /* HikeGraph.swift */ = {isa = PBXFileReference; fileEncoding = 4; lastKnownFileType = sourcecode.swift; path = HikeGraph.swift; sourceTree = "<group>"; };
		E4BB313126D81F1500D77F4C /* HikeDetail.swift */ = {isa = PBXFileReference; fileEncoding = 4; lastKnownFileType = sourcecode.swift; path = HikeDetail.swift; sourceTree = "<group>"; };
		E4BB313226D81F1500D77F4C /* HikeView.swift */ = {isa = PBXFileReference; fileEncoding = 4; lastKnownFileType = sourcecode.swift; path = HikeView.swift; sourceTree = "<group>"; };
		E4C6C46226D6B38600089F10 /* HexagonParameters.swift */ = {isa = PBXFileReference; fileEncoding = 4; lastKnownFileType = sourcecode.swift; path = HexagonParameters.swift; sourceTree = "<group>"; };
		E4C6C46426D6B46C00089F10 /* BadgeBackground.swift */ = {isa = PBXFileReference; lastKnownFileType = sourcecode.swift; path = BadgeBackground.swift; sourceTree = "<group>"; };
		E4C6C46626D6B93F00089F10 /* BadgeSymbol.swift */ = {isa = PBXFileReference; lastKnownFileType = sourcecode.swift; path = BadgeSymbol.swift; sourceTree = "<group>"; };
		E4C6C46826D6BA3900089F10 /* RotatedBadgeSymbol.swift .swift */ = {isa = PBXFileReference; lastKnownFileType = sourcecode.swift; path = "RotatedBadgeSymbol.swift .swift"; sourceTree = "<group>"; };
		E4C6C46A26D6BAC300089F10 /* Badge.swift */ = {isa = PBXFileReference; lastKnownFileType = sourcecode.swift; path = Badge.swift; sourceTree = "<group>"; };
		E4DE13F026DC250F001C7BF5 /* MacLandmarks.app */ = {isa = PBXFileReference; explicitFileType = wrapper.application; includeInIndex = 0; path = MacLandmarks.app; sourceTree = BUILT_PRODUCTS_DIR; };
		E4DE13F426DC250F001C7BF5 /* ContentView.swift */ = {isa = PBXFileReference; lastKnownFileType = sourcecode.swift; path = ContentView.swift; sourceTree = "<group>"; };
		E4DE13F626DC2510001C7BF5 /* Assets.xcassets */ = {isa = PBXFileReference; lastKnownFileType = folder.assetcatalog; path = Assets.xcassets; sourceTree = "<group>"; };
		E4DE13F926DC2510001C7BF5 /* Preview Assets.xcassets */ = {isa = PBXFileReference; lastKnownFileType = folder.assetcatalog; path = "Preview Assets.xcassets"; sourceTree = "<group>"; };
		E4DE13FB26DC2510001C7BF5 /* Info.plist */ = {isa = PBXFileReference; lastKnownFileType = text.plist.xml; path = Info.plist; sourceTree = "<group>"; };
		E4DE13FC26DC2510001C7BF5 /* MacLandmarks.entitlements */ = {isa = PBXFileReference; lastKnownFileType = text.plist.entitlements; path = MacLandmarks.entitlements; sourceTree = "<group>"; };
		E4DE140D26DC2607001C7BF5 /* LanmarkDetail.swift */ = {isa = PBXFileReference; lastKnownFileType = sourcecode.swift; path = LanmarkDetail.swift; sourceTree = "<group>"; };
		E4DE140F26DC28C2001C7BF5 /* LandmarkList.swift */ = {isa = PBXFileReference; lastKnownFileType = sourcecode.swift; path = LandmarkList.swift; sourceTree = "<group>"; };
		E4DE141126DC2A5D001C7BF5 /* LandmarkCommands.swift */ = {isa = PBXFileReference; lastKnownFileType = sourcecode.swift; path = LandmarkCommands.swift; sourceTree = "<group>"; };
		E4DE141426DC2BFA001C7BF5 /* LandmarkSettings.swift */ = {isa = PBXFileReference; lastKnownFileType = sourcecode.swift; path = LandmarkSettings.swift; sourceTree = "<group>"; };
		E4E2839B26DBDB57006BAE2E /* WatchLandmarks.app */ = {isa = PBXFileReference; explicitFileType = wrapper.application; includeInIndex = 0; path = WatchLandmarks.app; sourceTree = BUILT_PRODUCTS_DIR; };
		E4E2839D26DBDB58006BAE2E /* Assets.xcassets */ = {isa = PBXFileReference; lastKnownFileType = folder.assetcatalog; path = Assets.xcassets; sourceTree = "<group>"; };
		E4E2839F26DBDB58006BAE2E /* Info.plist */ = {isa = PBXFileReference; lastKnownFileType = text.plist.xml; path = Info.plist; sourceTree = "<group>"; };
		E4E283A426DBDB58006BAE2E /* WatchLandmarks Extension.appex */ = {isa = PBXFileReference; explicitFileType = "wrapper.app-extension"; includeInIndex = 0; path = "WatchLandmarks Extension.appex"; sourceTree = BUILT_PRODUCTS_DIR; };
		E4E283AB26DBDB58006BAE2E /* ContentView.swift */ = {isa = PBXFileReference; lastKnownFileType = sourcecode.swift; path = ContentView.swift; sourceTree = "<group>"; };
		E4E283AD26DBDB58006BAE2E /* NotificationController.swift */ = {isa = PBXFileReference; lastKnownFileType = sourcecode.swift; path = NotificationController.swift; sourceTree = "<group>"; };
		E4E283AF26DBDB58006BAE2E /* NotificationView.swift */ = {isa = PBXFileReference; lastKnownFileType = sourcecode.swift; path = NotificationView.swift; sourceTree = "<group>"; };
		E4E283B126DBDB58006BAE2E /* ComplicationController.swift */ = {isa = PBXFileReference; lastKnownFileType = sourcecode.swift; path = ComplicationController.swift; sourceTree = "<group>"; };
		E4E283B326DBDB59006BAE2E /* Assets.xcassets */ = {isa = PBXFileReference; lastKnownFileType = folder.assetcatalog; path = Assets.xcassets; sourceTree = "<group>"; };
		E4E283B626DBDB59006BAE2E /* Preview Assets.xcassets */ = {isa = PBXFileReference; lastKnownFileType = folder.assetcatalog; path = "Preview Assets.xcassets"; sourceTree = "<group>"; };
		E4E283B826DBDB59006BAE2E /* Info.plist */ = {isa = PBXFileReference; lastKnownFileType = text.plist.xml; path = Info.plist; sourceTree = "<group>"; };
		E4E283B926DBDB59006BAE2E /* PushNotificationPayload.apns */ = {isa = PBXFileReference; lastKnownFileType = text; path = PushNotificationPayload.apns; sourceTree = "<group>"; };
		E4E283D126DBDDED006BAE2E /* LandmarkDetail.swift */ = {isa = PBXFileReference; lastKnownFileType = sourcecode.swift; path = LandmarkDetail.swift; sourceTree = "<group>"; };
/* End PBXFileReference section */

/* Begin PBXFrameworksBuildPhase section */
		E48B9C7426D19D5F00817E32 /* Frameworks */ = {
			isa = PBXFrameworksBuildPhase;
			buildActionMask = 2147483647;
			files = (
			);
			runOnlyForDeploymentPostprocessing = 0;
		};
		E4DE13ED26DC250F001C7BF5 /* Frameworks */ = {
			isa = PBXFrameworksBuildPhase;
			buildActionMask = 2147483647;
			files = (
			);
			runOnlyForDeploymentPostprocessing = 0;
		};
		E4E283A126DBDB58006BAE2E /* Frameworks */ = {
			isa = PBXFrameworksBuildPhase;
			buildActionMask = 2147483647;
			files = (
			);
			runOnlyForDeploymentPostprocessing = 0;
		};
/* End PBXFrameworksBuildPhase section */

/* Begin PBXGroup section */
		E41DFE6426D955CA00934ECF /* Profile */ = {
			isa = PBXGroup;
			children = (
				E41DFE6226D9550300934ECF /* ProfileHost.swift */,
				E41DFE6526D955DF00934ECF /* ProfileSummary.swift */,
				E41DFE6926D95C2900934ECF /* ProfileEditor.swift */,
			);
			path = Profile;
			sourceTree = "<group>";
		};
		E4255CD526D589A300EB6D46 /* Helpers */ = {
			isa = PBXGroup;
			children = (
				E4255CD326D588DA00EB6D46 /* FavoriteButton.swift */,
				E48B9C8926D19F9100817E32 /* CircleImage.swift */,
				E48B9C8B26D1A05000817E32 /* MapView.swift */,
			);
			path = Helpers;
			sourceTree = "<group>";
		};
		E4255CD626D589C300EB6D46 /* Landmarks */ = {
			isa = PBXGroup;
			children = (
				E48B9C9626D1A5BA00817E32 /* LandmarkRow.swift */,
				E48B9C9826D1A6E500817E32 /* LandmarkList.swift */,
				E4255CD126D42E3700EB6D46 /* LandmarkDetail.swift */,
			);
			path = Landmarks;
			sourceTree = "<group>";
		};
		E462FE9C26D9303100820E2D /* Categories */ = {
			isa = PBXGroup;
			children = (
				E462FE9D26D9305600820E2D /* CategoryHome.swift */,
				E412427026D932BD00CBD253 /* CategoryRow.swift */,
				E412427226D933C200CBD253 /* CategoryItem.swift */,
			);
			path = Categories;
			sourceTree = "<group>";
		};
		E46B371B26DA4727001C292A /* PageView */ = {
			isa = PBXGroup;
			children = (
				E46B371C26DA4727001C292A /* FeatureCard.swift */,
				E46B371D26DA4727001C292A /* PageControl.swift */,
				E46B371E26DA4727001C292A /* PageViewController.swift */,
				E46B371F26DA4727001C292A /* PageView.swift */,
			);
			name = PageView;
			path = Badges/PageView;
			sourceTree = "<group>";
		};
		E48B9C6E26D19D5E00817E32 = {
			isa = PBXGroup;
			children = (
				E48B9C7926D19D5F00817E32 /* Landmarks */,
				E4E2839C26DBDB57006BAE2E /* WatchLandmarks */,
				E4E283A826DBDB58006BAE2E /* WatchLandmarks Extension */,
				E4DE13F126DC250F001C7BF5 /* MacLandmarks */,
				E48B9C7826D19D5F00817E32 /* Products */,
			);
			sourceTree = "<group>";
		};
		E48B9C7826D19D5F00817E32 /* Products */ = {
			isa = PBXGroup;
			children = (
				E48B9C7726D19D5F00817E32 /* Landmarks.app */,
				E4E2839B26DBDB57006BAE2E /* WatchLandmarks.app */,
				E4E283A426DBDB58006BAE2E /* WatchLandmarks Extension.appex */,
				E4DE13F026DC250F001C7BF5 /* MacLandmarks.app */,
			);
			name = Products;
			sourceTree = "<group>";
		};
		E48B9C7926D19D5F00817E32 /* Landmarks */ = {
			isa = PBXGroup;
			children = (
				E48B9C7A26D19D5F00817E32 /* LandmarksApp.swift */,
				E48B9C9426D1A54600817E32 /* Model */,
				E48B9C9326D1A54000817E32 /* Views */,
				E48B9C9526D1A54D00817E32 /* Resourses */,
				E48B9C8326D19D6000817E32 /* Info.plist */,
				E48B9C7E26D19D6000817E32 /* Assets.xcassets */,
				E48B9C8026D19D6000817E32 /* Preview Content */,
			);
			path = Landmarks;
			sourceTree = "<group>";
		};
		E48B9C8026D19D6000817E32 /* Preview Content */ = {
			isa = PBXGroup;
			children = (
				E48B9C8126D19D6000817E32 /* Preview Assets.xcassets */,
			);
			path = "Preview Content";
			sourceTree = "<group>";
		};
		E48B9C9326D1A54000817E32 /* Views */ = {
			isa = PBXGroup;
			children = (
				E48B9C7C26D19D5F00817E32 /* ContentView.swift */,
				E41DFE6426D955CA00934ECF /* Profile */,
				E4255CD626D589C300EB6D46 /* Landmarks */,
				E4255CD526D589A300EB6D46 /* Helpers */,
				E4BB312E26D81F1500D77F4C /* Hikes */,
				E462FE9C26D9303100820E2D /* Categories */,
				E4C6C46C26D6BBA400089F10 /* Badges */,
				E46B371B26DA4727001C292A /* PageView */,
			);
			path = Views;
			sourceTree = "<group>";
		};
		E48B9C9426D1A54600817E32 /* Model */ = {
			isa = PBXGroup;
			children = (
				E48B9C8F26D1A33000817E32 /* Landmark.swift */,
				E48B9C9126D1A4A700817E32 /* ModelData.swift */,
				E4BB312C26D81DAF00D77F4C /* Hike.swift */,
				E41DFE6026D954B200934ECF /* Profile.swift */,
			);
			path = Model;
			sourceTree = "<group>";
		};
		E48B9C9526D1A54D00817E32 /* Resourses */ = {
			isa = PBXGroup;
			children = (
				E4BB312A26D81D9200D77F4C /* hikeData.json */,
				E48B9C8D26D1A30A00817E32 /* landmarkData.json */,
			);
			path = Resourses;
			sourceTree = "<group>";
		};
		E4BB312E26D81F1500D77F4C /* Hikes */ = {
			isa = PBXGroup;
			children = (
				E4BB312F26D81F1500D77F4C /* GraphCapsule.swift */,
				E4BB313026D81F1500D77F4C /* HikeGraph.swift */,
				E4BB313126D81F1500D77F4C /* HikeDetail.swift */,
				E4BB313226D81F1500D77F4C /* HikeView.swift */,
				E41DFE6726D9566B00934ECF /* HikeBadge.swift */,
			);
			path = Hikes;
			sourceTree = "<group>";
		};
		E4C6C46C26D6BBA400089F10 /* Badges */ = {
			isa = PBXGroup;
			children = (
				E4C6C46A26D6BAC300089F10 /* Badge.swift */,
				E4C6C46826D6BA3900089F10 /* RotatedBadgeSymbol.swift .swift */,
				E4C6C46626D6B93F00089F10 /* BadgeSymbol.swift */,
				E4C6C46226D6B38600089F10 /* HexagonParameters.swift */,
				E4C6C46426D6B46C00089F10 /* BadgeBackground.swift */,
			);
			path = Badges;
			sourceTree = "<group>";
		};
		E4DE13F126DC250F001C7BF5 /* MacLandmarks */ = {
			isa = PBXGroup;
			children = (
				E4DE13F426DC250F001C7BF5 /* ContentView.swift */,
				E4DE140D26DC2607001C7BF5 /* LanmarkDetail.swift */,
				E4DE141126DC2A5D001C7BF5 /* LandmarkCommands.swift */,
				E4DE141426DC2BFA001C7BF5 /* LandmarkSettings.swift */,
				E4DE13F626DC2510001C7BF5 /* Assets.xcassets */,
				E4DE13FB26DC2510001C7BF5 /* Info.plist */,
				E4DE13FC26DC2510001C7BF5 /* MacLandmarks.entitlements */,
				E4DE13F826DC2510001C7BF5 /* Preview Content */,
			);
			path = MacLandmarks;
			sourceTree = "<group>";
		};
		E4DE13F826DC2510001C7BF5 /* Preview Content */ = {
			isa = PBXGroup;
			children = (
				E4DE13F926DC2510001C7BF5 /* Preview Assets.xcassets */,
			);
			path = "Preview Content";
			sourceTree = "<group>";
		};
		E4E2839C26DBDB57006BAE2E /* WatchLandmarks */ = {
			isa = PBXGroup;
			children = (
				E4E2839D26DBDB58006BAE2E /* Assets.xcassets */,
				E4E2839F26DBDB58006BAE2E /* Info.plist */,
			);
			path = WatchLandmarks;
			sourceTree = "<group>";
		};
		E4E283A826DBDB58006BAE2E /* WatchLandmarks Extension */ = {
			isa = PBXGroup;
			children = (
				E4E283AB26DBDB58006BAE2E /* ContentView.swift */,
				E4E283AD26DBDB58006BAE2E /* NotificationController.swift */,
				E4E283AF26DBDB58006BAE2E /* NotificationView.swift */,
				E4E283B126DBDB58006BAE2E /* ComplicationController.swift */,
				E4E283D126DBDDED006BAE2E /* LandmarkDetail.swift */,
				E4DE140F26DC28C2001C7BF5 /* LandmarkList.swift */,
				E4E283B326DBDB59006BAE2E /* Assets.xcassets */,
				E4E283B826DBDB59006BAE2E /* Info.plist */,
				E4E283B926DBDB59006BAE2E /* PushNotificationPayload.apns */,
				E4E283B526DBDB59006BAE2E /* Preview Content */,
			);
			path = "WatchLandmarks Extension";
			sourceTree = "<group>";
		};
		E4E283B526DBDB59006BAE2E /* Preview Content */ = {
			isa = PBXGroup;
			children = (
				E4E283B626DBDB59006BAE2E /* Preview Assets.xcassets */,
			);
			path = "Preview Content";
			sourceTree = "<group>";
		};
/* End PBXGroup section */

/* Begin PBXNativeTarget section */
		E48B9C7626D19D5F00817E32 /* Landmarks */ = {
			isa = PBXNativeTarget;
			buildConfigurationList = E48B9C8626D19D6000817E32 /* Build configuration list for PBXNativeTarget "Landmarks" */;
			buildPhases = (
				E48B9C7326D19D5F00817E32 /* Sources */,
				E48B9C7426D19D5F00817E32 /* Frameworks */,
				E48B9C7526D19D5F00817E32 /* Resources */,
				E4E283BD26DBDB59006BAE2E /* Embed Watch Content */,
			);
			buildRules = (
			);
			dependencies = (
				E4E283BB26DBDB59006BAE2E /* PBXTargetDependency */,
			);
			name = Landmarks;
			productName = Landmarks;
			productReference = E48B9C7726D19D5F00817E32 /* Landmarks.app */;
			productType = "com.apple.product-type.application";
		};
		E4DE13EF26DC250F001C7BF5 /* MacLandmarks */ = {
			isa = PBXNativeTarget;
			buildConfigurationList = E4DE13FF26DC2510001C7BF5 /* Build configuration list for PBXNativeTarget "MacLandmarks" */;
			buildPhases = (
				E4DE13EC26DC250F001C7BF5 /* Sources */,
				E4DE13ED26DC250F001C7BF5 /* Frameworks */,
				E4DE13EE26DC250F001C7BF5 /* Resources */,
			);
			buildRules = (
			);
			dependencies = (
			);
			name = MacLandmarks;
			productName = MacLandmarks;
			productReference = E4DE13F026DC250F001C7BF5 /* MacLandmarks.app */;
			productType = "com.apple.product-type.application";
		};
		E4E2839A26DBDB57006BAE2E /* WatchLandmarks */ = {
			isa = PBXNativeTarget;
			buildConfigurationList = E4E283C426DBDB59006BAE2E /* Build configuration list for PBXNativeTarget "WatchLandmarks" */;
			buildPhases = (
				E4E2839926DBDB57006BAE2E /* Resources */,
				E4E283C026DBDB59006BAE2E /* Embed App Extensions */,
			);
			buildRules = (
			);
			dependencies = (
				E4E283A726DBDB58006BAE2E /* PBXTargetDependency */,
			);
			name = WatchLandmarks;
			productName = WatchLandmarks;
			productReference = E4E2839B26DBDB57006BAE2E /* WatchLandmarks.app */;
			productType = "com.apple.product-type.application.watchapp2";
		};
		E4E283A326DBDB58006BAE2E /* WatchLandmarks Extension */ = {
			isa = PBXNativeTarget;
			buildConfigurationList = E4E283C326DBDB59006BAE2E /* Build configuration list for PBXNativeTarget "WatchLandmarks Extension" */;
			buildPhases = (
				E4E283A026DBDB58006BAE2E /* Sources */,
				E4E283A126DBDB58006BAE2E /* Frameworks */,
				E4E283A226DBDB58006BAE2E /* Resources */,
			);
			buildRules = (
			);
			dependencies = (
			);
			name = "WatchLandmarks Extension";
			productName = "WatchLandmarks Extension";
			productReference = E4E283A426DBDB58006BAE2E /* WatchLandmarks Extension.appex */;
			productType = "com.apple.product-type.watchkit2-extension";
		};
/* End PBXNativeTarget section */

/* Begin PBXProject section */
		E48B9C6F26D19D5E00817E32 /* Project object */ = {
			isa = PBXProject;
			attributes = {
				LastSwiftUpdateCheck = 1250;
				LastUpgradeCheck = 1250;
				TargetAttributes = {
					E48B9C7626D19D5F00817E32 = {
						CreatedOnToolsVersion = 12.5.1;
					};
					E4DE13EF26DC250F001C7BF5 = {
						CreatedOnToolsVersion = 12.5.1;
					};
					E4E2839A26DBDB57006BAE2E = {
						CreatedOnToolsVersion = 12.5.1;
					};
					E4E283A326DBDB58006BAE2E = {
						CreatedOnToolsVersion = 12.5.1;
					};
				};
			};
			buildConfigurationList = E48B9C7226D19D5E00817E32 /* Build configuration list for PBXProject "Landmarks" */;
			compatibilityVersion = "Xcode 9.3";
			developmentRegion = en;
			hasScannedForEncodings = 0;
			knownRegions = (
				en,
				Base,
			);
			mainGroup = E48B9C6E26D19D5E00817E32;
			productRefGroup = E48B9C7826D19D5F00817E32 /* Products */;
			projectDirPath = "";
			projectRoot = "";
			targets = (
				E48B9C7626D19D5F00817E32 /* Landmarks */,
				E4E2839A26DBDB57006BAE2E /* WatchLandmarks */,
				E4E283A326DBDB58006BAE2E /* WatchLandmarks Extension */,
				E4DE13EF26DC250F001C7BF5 /* MacLandmarks */,
			);
		};
/* End PBXProject section */

/* Begin PBXResourcesBuildPhase section */
		E48B9C7526D19D5F00817E32 /* Resources */ = {
			isa = PBXResourcesBuildPhase;
			buildActionMask = 2147483647;
			files = (
				E4BB312B26D81D9200D77F4C /* hikeData.json in Resources */,
				E48B9C8226D19D6000817E32 /* Preview Assets.xcassets in Resources */,
				E48B9C7F26D19D6000817E32 /* Assets.xcassets in Resources */,
				E48B9C8E26D1A30A00817E32 /* landmarkData.json in Resources */,
			);
			runOnlyForDeploymentPostprocessing = 0;
		};
		E4DE13EE26DC250F001C7BF5 /* Resources */ = {
			isa = PBXResourcesBuildPhase;
			buildActionMask = 2147483647;
			files = (
				E4DE13FA26DC2510001C7BF5 /* Preview Assets.xcassets in Resources */,
				E4DE140626DC2542001C7BF5 /* landmarkData.json in Resources */,
				E4DE140326DC2542001C7BF5 /* Assets.xcassets in Resources */,
				E4DE13F726DC2510001C7BF5 /* Assets.xcassets in Resources */,
				E4DE140C26DC2542001C7BF5 /* hikeData.json in Resources */,
			);
			runOnlyForDeploymentPostprocessing = 0;
		};
		E4E2839926DBDB57006BAE2E /* Resources */ = {
			isa = PBXResourcesBuildPhase;
			buildActionMask = 2147483647;
			files = (
				E4E2839E26DBDB58006BAE2E /* Assets.xcassets in Resources */,
			);
			runOnlyForDeploymentPostprocessing = 0;
		};
		E4E283A226DBDB58006BAE2E /* Resources */ = {
			isa = PBXResourcesBuildPhase;
			buildActionMask = 2147483647;
			files = (
				E4E283CD26DBDD5C006BAE2E /* hikeData.json in Resources */,
				E4E283B726DBDB59006BAE2E /* Preview Assets.xcassets in Resources */,
				E4E283C626DBDD5C006BAE2E /* Assets.xcassets in Resources */,
				E4E283CE26DBDD5C006BAE2E /* landmarkData.json in Resources */,
				E4E283B426DBDB59006BAE2E /* Assets.xcassets in Resources */,
			);
			runOnlyForDeploymentPostprocessing = 0;
		};
/* End PBXResourcesBuildPhase section */

/* Begin PBXSourcesBuildPhase section */
		E48B9C7326D19D5F00817E32 /* Sources */ = {
			isa = PBXSourcesBuildPhase;
			buildActionMask = 2147483647;
			files = (
				E412427126D932BD00CBD253 /* CategoryRow.swift in Sources */,
				E46B372226DA4727001C292A /* PageViewController.swift in Sources */,
				E4DE141226DC2A5D001C7BF5 /* LandmarkCommands.swift in Sources */,
				E41DFE6126D954B200934ECF /* Profile.swift in Sources */,
				E48B9C7D26D19D5F00817E32 /* ContentView.swift in Sources */,
				E462FE9E26D9305600820E2D /* CategoryHome.swift in Sources */,
				E4BB313426D81F1500D77F4C /* HikeGraph.swift in Sources */,
				E4C6C46B26D6BAC300089F10 /* Badge.swift in Sources */,
				E48B9C8C26D1A05000817E32 /* MapView.swift in Sources */,
				E4BB313326D81F1500D77F4C /* GraphCapsule.swift in Sources */,
				E48B9C7B26D19D5F00817E32 /* LandmarksApp.swift in Sources */,
				E46B372026DA4727001C292A /* FeatureCard.swift in Sources */,
				E4255CD426D588DA00EB6D46 /* FavoriteButton.swift in Sources */,
				E412427326D933C200CBD253 /* CategoryItem.swift in Sources */,
				E4BB313526D81F1500D77F4C /* HikeDetail.swift in Sources */,
				E41DFE6626D955DF00934ECF /* ProfileSummary.swift in Sources */,
				E4C6C46326D6B38600089F10 /* HexagonParameters.swift in Sources */,
				E41DFE6326D9550300934ECF /* ProfileHost.swift in Sources */,
				E4BB312D26D81DAF00D77F4C /* Hike.swift in Sources */,
				E4C6C46726D6B93F00089F10 /* BadgeSymbol.swift in Sources */,
				E48B9C9926D1A6E500817E32 /* LandmarkList.swift in Sources */,
				E41DFE6A26D95C2900934ECF /* ProfileEditor.swift in Sources */,
				E4255CD226D42E3700EB6D46 /* LandmarkDetail.swift in Sources */,
				E46B372326DA4727001C292A /* PageView.swift in Sources */,
				E4BB313626D81F1500D77F4C /* HikeView.swift in Sources */,
				E4C6C46526D6B46C00089F10 /* BadgeBackground.swift in Sources */,
				E4C6C46926D6BA3900089F10 /* RotatedBadgeSymbol.swift .swift in Sources */,
				E41DFE6826D9566B00934ECF /* HikeBadge.swift in Sources */,
				E48B9C8A26D19F9100817E32 /* CircleImage.swift in Sources */,
				E48B9C9026D1A33000817E32 /* Landmark.swift in Sources */,
				E48B9C9726D1A5BA00817E32 /* LandmarkRow.swift in Sources */,
				E46B372126DA4727001C292A /* PageControl.swift in Sources */,
				E48B9C9226D1A4A700817E32 /* ModelData.swift in Sources */,
			);
			runOnlyForDeploymentPostprocessing = 0;
		};
		E4DE13EC26DC250F001C7BF5 /* Sources */ = {
			isa = PBXSourcesBuildPhase;
			buildActionMask = 2147483647;
			files = (
				E4DE140126DC2542001C7BF5 /* Hike.swift in Sources */,
				E4DE140B26DC2542001C7BF5 /* LandmarkList.swift in Sources */,
				E4DE141526DC2BFA001C7BF5 /* LandmarkSettings.swift in Sources */,
				E4DE140826DC2542001C7BF5 /* CircleImage.swift in Sources */,
				E4DE140526DC2542001C7BF5 /* MapView.swift in Sources */,
				E4DE141326DC2A5D001C7BF5 /* LandmarkCommands.swift in Sources */,
				E4DE13F526DC250F001C7BF5 /* ContentView.swift in Sources */,
				E4DE140726DC2542001C7BF5 /* Profile.swift in Sources */,
				E4DE140026DC2542001C7BF5 /* Landmark.swift in Sources */,
				E4DE140426DC2542001C7BF5 /* LandmarksApp.swift in Sources */,
				E4DE140A26DC2542001C7BF5 /* ModelData.swift in Sources */,
				E4DE140226DC2542001C7BF5 /* FavoriteButton.swift in Sources */,
				E4DE140926DC2542001C7BF5 /* LandmarkRow.swift in Sources */,
				E4DE140E26DC2607001C7BF5 /* LanmarkDetail.swift in Sources */,
			);
			runOnlyForDeploymentPostprocessing = 0;
		};
		E4E283A026DBDB58006BAE2E /* Sources */ = {
			isa = PBXSourcesBuildPhase;
			buildActionMask = 2147483647;
			files = (
				E4E283AE26DBDB58006BAE2E /* NotificationController.swift in Sources */,
				E4E283CF26DBDD5C006BAE2E /* MapView.swift in Sources */,
				E4E283CC26DBDD5C006BAE2E /* Landmark.swift in Sources */,
				E4DE141026DC28C2001C7BF5 /* LandmarkList.swift in Sources */,
				E4E283D026DBDD5C006BAE2E /* Profile.swift in Sources */,
				E4E283AC26DBDB58006BAE2E /* ContentView.swift in Sources */,
				E4E283D226DBDDED006BAE2E /* LandmarkDetail.swift in Sources */,
				E4E283CB26DBDD5C006BAE2E /* LandmarksApp.swift in Sources */,
				E4E283C826DBDD5C006BAE2E /* CircleImage.swift in Sources */,
				E4E283C526DBDD5C006BAE2E /* ModelData.swift in Sources */,
				E4E283B226DBDB58006BAE2E /* ComplicationController.swift in Sources */,
				E4E283C926DBDD5C006BAE2E /* Hike.swift in Sources */,
				E4E283B026DBDB58006BAE2E /* NotificationView.swift in Sources */,
				E4E283CA26DBDD5C006BAE2E /* LandmarkRow.swift in Sources */,
			);
			runOnlyForDeploymentPostprocessing = 0;
		};
/* End PBXSourcesBuildPhase section */

/* Begin PBXTargetDependency section */
		E4E283A726DBDB58006BAE2E /* PBXTargetDependency */ = {
			isa = PBXTargetDependency;
			target = E4E283A326DBDB58006BAE2E /* WatchLandmarks Extension */;
			targetProxy = E4E283A626DBDB58006BAE2E /* PBXContainerItemProxy */;
		};
		E4E283BB26DBDB59006BAE2E /* PBXTargetDependency */ = {
			isa = PBXTargetDependency;
			target = E4E2839A26DBDB57006BAE2E /* WatchLandmarks */;
			targetProxy = E4E283BA26DBDB59006BAE2E /* PBXContainerItemProxy */;
		};
/* End PBXTargetDependency section */

/* Begin XCBuildConfiguration section */
		E48B9C8426D19D6000817E32 /* Debug */ = {
			isa = XCBuildConfiguration;
			buildSettings = {
				ALWAYS_SEARCH_USER_PATHS = NO;
				CLANG_ANALYZER_NONNULL = YES;
				CLANG_ANALYZER_NUMBER_OBJECT_CONVERSION = YES_AGGRESSIVE;
				CLANG_CXX_LANGUAGE_STANDARD = "gnu++14";
				CLANG_CXX_LIBRARY = "libc++";
				CLANG_ENABLE_MODULES = YES;
				CLANG_ENABLE_OBJC_ARC = YES;
				CLANG_ENABLE_OBJC_WEAK = YES;
				CLANG_WARN_BLOCK_CAPTURE_AUTORELEASING = YES;
				CLANG_WARN_BOOL_CONVERSION = YES;
				CLANG_WARN_COMMA = YES;
				CLANG_WARN_CONSTANT_CONVERSION = YES;
				CLANG_WARN_DEPRECATED_OBJC_IMPLEMENTATIONS = YES;
				CLANG_WARN_DIRECT_OBJC_ISA_USAGE = YES_ERROR;
				CLANG_WARN_DOCUMENTATION_COMMENTS = YES;
				CLANG_WARN_EMPTY_BODY = YES;
				CLANG_WARN_ENUM_CONVERSION = YES;
				CLANG_WARN_INFINITE_RECURSION = YES;
				CLANG_WARN_INT_CONVERSION = YES;
				CLANG_WARN_NON_LITERAL_NULL_CONVERSION = YES;
				CLANG_WARN_OBJC_IMPLICIT_RETAIN_SELF = YES;
				CLANG_WARN_OBJC_LITERAL_CONVERSION = YES;
				CLANG_WARN_OBJC_ROOT_CLASS = YES_ERROR;
				CLANG_WARN_QUOTED_INCLUDE_IN_FRAMEWORK_HEADER = YES;
				CLANG_WARN_RANGE_LOOP_ANALYSIS = YES;
				CLANG_WARN_STRICT_PROTOTYPES = YES;
				CLANG_WARN_SUSPICIOUS_MOVE = YES;
				CLANG_WARN_UNGUARDED_AVAILABILITY = YES_AGGRESSIVE;
				CLANG_WARN_UNREACHABLE_CODE = YES;
				CLANG_WARN__DUPLICATE_METHOD_MATCH = YES;
				COPY_PHASE_STRIP = NO;
				DEBUG_INFORMATION_FORMAT = dwarf;
				ENABLE_STRICT_OBJC_MSGSEND = YES;
				ENABLE_TESTABILITY = YES;
				GCC_C_LANGUAGE_STANDARD = gnu11;
				GCC_DYNAMIC_NO_PIC = NO;
				GCC_NO_COMMON_BLOCKS = YES;
				GCC_OPTIMIZATION_LEVEL = 0;
				GCC_PREPROCESSOR_DEFINITIONS = (
					"DEBUG=1",
					"$(inherited)",
				);
				GCC_WARN_64_TO_32_BIT_CONVERSION = YES;
				GCC_WARN_ABOUT_RETURN_TYPE = YES_ERROR;
				GCC_WARN_UNDECLARED_SELECTOR = YES;
				GCC_WARN_UNINITIALIZED_AUTOS = YES_AGGRESSIVE;
				GCC_WARN_UNUSED_FUNCTION = YES;
				GCC_WARN_UNUSED_VARIABLE = YES;
				IPHONEOS_DEPLOYMENT_TARGET = 14.5;
				MTL_ENABLE_DEBUG_INFO = INCLUDE_SOURCE;
				MTL_FAST_MATH = YES;
				ONLY_ACTIVE_ARCH = YES;
				SDKROOT = iphoneos;
				SWIFT_ACTIVE_COMPILATION_CONDITIONS = DEBUG;
				SWIFT_OPTIMIZATION_LEVEL = "-Onone";
			};
			name = Debug;
		};
		E48B9C8526D19D6000817E32 /* Release */ = {
			isa = XCBuildConfiguration;
			buildSettings = {
				ALWAYS_SEARCH_USER_PATHS = NO;
				CLANG_ANALYZER_NONNULL = YES;
				CLANG_ANALYZER_NUMBER_OBJECT_CONVERSION = YES_AGGRESSIVE;
				CLANG_CXX_LANGUAGE_STANDARD = "gnu++14";
				CLANG_CXX_LIBRARY = "libc++";
				CLANG_ENABLE_MODULES = YES;
				CLANG_ENABLE_OBJC_ARC = YES;
				CLANG_ENABLE_OBJC_WEAK = YES;
				CLANG_WARN_BLOCK_CAPTURE_AUTORELEASING = YES;
				CLANG_WARN_BOOL_CONVERSION = YES;
				CLANG_WARN_COMMA = YES;
				CLANG_WARN_CONSTANT_CONVERSION = YES;
				CLANG_WARN_DEPRECATED_OBJC_IMPLEMENTATIONS = YES;
				CLANG_WARN_DIRECT_OBJC_ISA_USAGE = YES_ERROR;
				CLANG_WARN_DOCUMENTATION_COMMENTS = YES;
				CLANG_WARN_EMPTY_BODY = YES;
				CLANG_WARN_ENUM_CONVERSION = YES;
				CLANG_WARN_INFINITE_RECURSION = YES;
				CLANG_WARN_INT_CONVERSION = YES;
				CLANG_WARN_NON_LITERAL_NULL_CONVERSION = YES;
				CLANG_WARN_OBJC_IMPLICIT_RETAIN_SELF = YES;
				CLANG_WARN_OBJC_LITERAL_CONVERSION = YES;
				CLANG_WARN_OBJC_ROOT_CLASS = YES_ERROR;
				CLANG_WARN_QUOTED_INCLUDE_IN_FRAMEWORK_HEADER = YES;
				CLANG_WARN_RANGE_LOOP_ANALYSIS = YES;
				CLANG_WARN_STRICT_PROTOTYPES = YES;
				CLANG_WARN_SUSPICIOUS_MOVE = YES;
				CLANG_WARN_UNGUARDED_AVAILABILITY = YES_AGGRESSIVE;
				CLANG_WARN_UNREACHABLE_CODE = YES;
				CLANG_WARN__DUPLICATE_METHOD_MATCH = YES;
				COPY_PHASE_STRIP = NO;
				DEBUG_INFORMATION_FORMAT = "dwarf-with-dsym";
				ENABLE_NS_ASSERTIONS = NO;
				ENABLE_STRICT_OBJC_MSGSEND = YES;
				GCC_C_LANGUAGE_STANDARD = gnu11;
				GCC_NO_COMMON_BLOCKS = YES;
				GCC_WARN_64_TO_32_BIT_CONVERSION = YES;
				GCC_WARN_ABOUT_RETURN_TYPE = YES_ERROR;
				GCC_WARN_UNDECLARED_SELECTOR = YES;
				GCC_WARN_UNINITIALIZED_AUTOS = YES_AGGRESSIVE;
				GCC_WARN_UNUSED_FUNCTION = YES;
				GCC_WARN_UNUSED_VARIABLE = YES;
				IPHONEOS_DEPLOYMENT_TARGET = 14.5;
				MTL_ENABLE_DEBUG_INFO = NO;
				MTL_FAST_MATH = YES;
				SDKROOT = iphoneos;
				SWIFT_COMPILATION_MODE = wholemodule;
				SWIFT_OPTIMIZATION_LEVEL = "-O";
				VALIDATE_PRODUCT = YES;
			};
			name = Release;
		};
		E48B9C8726D19D6000817E32 /* Debug */ = {
			isa = XCBuildConfiguration;
			buildSettings = {
				ASSETCATALOG_COMPILER_APPICON_NAME = AppIcon;
				ASSETCATALOG_COMPILER_GLOBAL_ACCENT_COLOR_NAME = AccentColor;
				CODE_SIGN_STYLE = Automatic;
				DEVELOPMENT_ASSET_PATHS = "\"Landmarks/Preview Content\"";
				DEVELOPMENT_TEAM = R2S4TKF2UY;
				ENABLE_PREVIEWS = YES;
				INFOPLIST_FILE = Landmarks/Info.plist;
				IPHONEOS_DEPLOYMENT_TARGET = 14.0;
				LD_RUNPATH_SEARCH_PATHS = (
					"$(inherited)",
					"@executable_path/Frameworks",
				);
				PRODUCT_BUNDLE_IDENTIFIER = yaanvar.Landmarks;
				PRODUCT_NAME = "$(TARGET_NAME)";
				SWIFT_VERSION = 5.0;
				TARGETED_DEVICE_FAMILY = "1,2";
			};
			name = Debug;
		};
		E48B9C8826D19D6000817E32 /* Release */ = {
			isa = XCBuildConfiguration;
			buildSettings = {
				ASSETCATALOG_COMPILER_APPICON_NAME = AppIcon;
				ASSETCATALOG_COMPILER_GLOBAL_ACCENT_COLOR_NAME = AccentColor;
				CODE_SIGN_STYLE = Automatic;
				DEVELOPMENT_ASSET_PATHS = "\"Landmarks/Preview Content\"";
				DEVELOPMENT_TEAM = R2S4TKF2UY;
				ENABLE_PREVIEWS = YES;
				INFOPLIST_FILE = Landmarks/Info.plist;
				IPHONEOS_DEPLOYMENT_TARGET = 14.0;
				LD_RUNPATH_SEARCH_PATHS = (
					"$(inherited)",
					"@executable_path/Frameworks",
				);
				PRODUCT_BUNDLE_IDENTIFIER = yaanvar.Landmarks;
				PRODUCT_NAME = "$(TARGET_NAME)";
				SWIFT_VERSION = 5.0;
				TARGETED_DEVICE_FAMILY = "1,2";
			};
			name = Release;
		};
		E4DE13FD26DC2510001C7BF5 /* Debug */ = {
			isa = XCBuildConfiguration;
			buildSettings = {
				ASSETCATALOG_COMPILER_APPICON_NAME = AppIcon;
				ASSETCATALOG_COMPILER_GLOBAL_ACCENT_COLOR_NAME = AccentColor;
				CODE_SIGN_ENTITLEMENTS = MacLandmarks/MacLandmarks.entitlements;
				CODE_SIGN_STYLE = Automatic;
				COMBINE_HIDPI_IMAGES = YES;
				DEVELOPMENT_ASSET_PATHS = "\"MacLandmarks/Preview Content\"";
				DEVELOPMENT_TEAM = R2S4TKF2UY;
				ENABLE_HARDENED_RUNTIME = YES;
				ENABLE_PREVIEWS = YES;
				INFOPLIST_FILE = MacLandmarks/Info.plist;
				LD_RUNPATH_SEARCH_PATHS = (
					"$(inherited)",
					"@executable_path/../Frameworks",
				);
				MACOSX_DEPLOYMENT_TARGET = 11.3;
				PRODUCT_BUNDLE_IDENTIFIER = yaanvar.MacLandmarks;
				PRODUCT_NAME = "$(TARGET_NAME)";
				SDKROOT = macosx;
				SWIFT_VERSION = 5.0;
			};
			name = Debug;
		};
		E4DE13FE26DC2510001C7BF5 /* Release */ = {
			isa = XCBuildConfiguration;
			buildSettings = {
				ASSETCATALOG_COMPILER_APPICON_NAME = AppIcon;
				ASSETCATALOG_COMPILER_GLOBAL_ACCENT_COLOR_NAME = AccentColor;
				CODE_SIGN_ENTITLEMENTS = MacLandmarks/MacLandmarks.entitlements;
				CODE_SIGN_STYLE = Automatic;
				COMBINE_HIDPI_IMAGES = YES;
				DEVELOPMENT_ASSET_PATHS = "\"MacLandmarks/Preview Content\"";
				DEVELOPMENT_TEAM = R2S4TKF2UY;
				ENABLE_HARDENED_RUNTIME = YES;
				ENABLE_PREVIEWS = YES;
				INFOPLIST_FILE = MacLandmarks/Info.plist;
				LD_RUNPATH_SEARCH_PATHS = (
					"$(inherited)",
					"@executable_path/../Frameworks",
				);
				MACOSX_DEPLOYMENT_TARGET = 11.3;
				PRODUCT_BUNDLE_IDENTIFIER = yaanvar.MacLandmarks;
				PRODUCT_NAME = "$(TARGET_NAME)";
				SDKROOT = macosx;
				SWIFT_VERSION = 5.0;
			};
			name = Release;
		};
		E4E283BE26DBDB59006BAE2E /* Debug */ = {
			isa = XCBuildConfiguration;
			buildSettings = {
				ALWAYS_EMBED_SWIFT_STANDARD_LIBRARIES = YES;
				ASSETCATALOG_COMPILER_APPICON_NAME = AppIcon;
				ASSETCATALOG_COMPILER_GLOBAL_ACCENT_COLOR_NAME = AccentColor;
				CODE_SIGN_STYLE = Automatic;
				DEVELOPMENT_TEAM = R2S4TKF2UY;
				IBSC_MODULE = WatchLandmarks_Extension;
				INFOPLIST_FILE = WatchLandmarks/Info.plist;
				PRODUCT_BUNDLE_IDENTIFIER = yaanvar.Landmarks.watchkitapp;
				PRODUCT_NAME = "$(TARGET_NAME)";
				SDKROOT = watchos;
				SKIP_INSTALL = YES;
				SWIFT_VERSION = 5.0;
				TARGETED_DEVICE_FAMILY = 4;
				WATCHOS_DEPLOYMENT_TARGET = 7.4;
			};
			name = Debug;
		};
		E4E283BF26DBDB59006BAE2E /* Release */ = {
			isa = XCBuildConfiguration;
			buildSettings = {
				ALWAYS_EMBED_SWIFT_STANDARD_LIBRARIES = YES;
				ASSETCATALOG_COMPILER_APPICON_NAME = AppIcon;
				ASSETCATALOG_COMPILER_GLOBAL_ACCENT_COLOR_NAME = AccentColor;
				CODE_SIGN_STYLE = Automatic;
				DEVELOPMENT_TEAM = R2S4TKF2UY;
				IBSC_MODULE = WatchLandmarks_Extension;
				INFOPLIST_FILE = WatchLandmarks/Info.plist;
				PRODUCT_BUNDLE_IDENTIFIER = yaanvar.Landmarks.watchkitapp;
				PRODUCT_NAME = "$(TARGET_NAME)";
				SDKROOT = watchos;
				SKIP_INSTALL = YES;
				SWIFT_VERSION = 5.0;
				TARGETED_DEVICE_FAMILY = 4;
				WATCHOS_DEPLOYMENT_TARGET = 7.4;
			};
			name = Release;
		};
		E4E283C126DBDB59006BAE2E /* Debug */ = {
			isa = XCBuildConfiguration;
			buildSettings = {
				ASSETCATALOG_COMPILER_COMPLICATION_NAME = Complication;
				CODE_SIGN_STYLE = Automatic;
				DEVELOPMENT_ASSET_PATHS = "\"WatchLandmarks Extension/Preview Content\"";
				DEVELOPMENT_TEAM = R2S4TKF2UY;
				ENABLE_PREVIEWS = YES;
				INFOPLIST_FILE = "WatchLandmarks Extension/Info.plist";
				LD_RUNPATH_SEARCH_PATHS = (
					"$(inherited)",
					"@executable_path/Frameworks",
					"@executable_path/../../Frameworks",
				);
				PRODUCT_BUNDLE_IDENTIFIER = yaanvar.Landmarks.watchkitapp.watchkitextension;
				PRODUCT_NAME = "${TARGET_NAME}";
				SDKROOT = watchos;
				SKIP_INSTALL = YES;
				SWIFT_VERSION = 5.0;
				TARGETED_DEVICE_FAMILY = 4;
				WATCHOS_DEPLOYMENT_TARGET = 7.4;
			};
			name = Debug;
		};
		E4E283C226DBDB59006BAE2E /* Release */ = {
			isa = XCBuildConfiguration;
			buildSettings = {
				ASSETCATALOG_COMPILER_COMPLICATION_NAME = Complication;
				CODE_SIGN_STYLE = Automatic;
				DEVELOPMENT_ASSET_PATHS = "\"WatchLandmarks Extension/Preview Content\"";
				DEVELOPMENT_TEAM = R2S4TKF2UY;
				ENABLE_PREVIEWS = YES;
				INFOPLIST_FILE = "WatchLandmarks Extension/Info.plist";
				LD_RUNPATH_SEARCH_PATHS = (
					"$(inherited)",
					"@executable_path/Frameworks",
					"@executable_path/../../Frameworks",
				);
				PRODUCT_BUNDLE_IDENTIFIER = yaanvar.Landmarks.watchkitapp.watchkitextension;
				PRODUCT_NAME = "${TARGET_NAME}";
				SDKROOT = watchos;
				SKIP_INSTALL = YES;
				SWIFT_VERSION = 5.0;
				TARGETED_DEVICE_FAMILY = 4;
				WATCHOS_DEPLOYMENT_TARGET = 7.4;
			};
			name = Release;
		};
/* End XCBuildConfiguration section */

/* Begin XCConfigurationList section */
		E48B9C7226D19D5E00817E32 /* Build configuration list for PBXProject "Landmarks" */ = {
			isa = XCConfigurationList;
			buildConfigurations = (
				E48B9C8426D19D6000817E32 /* Debug */,
				E48B9C8526D19D6000817E32 /* Release */,
			);
			defaultConfigurationIsVisible = 0;
			defaultConfigurationName = Release;
		};
		E48B9C8626D19D6000817E32 /* Build configuration list for PBXNativeTarget "Landmarks" */ = {
			isa = XCConfigurationList;
			buildConfigurations = (
				E48B9C8726D19D6000817E32 /* Debug */,
				E48B9C8826D19D6000817E32 /* Release */,
			);
			defaultConfigurationIsVisible = 0;
			defaultConfigurationName = Release;
		};
		E4DE13FF26DC2510001C7BF5 /* Build configuration list for PBXNativeTarget "MacLandmarks" */ = {
			isa = XCConfigurationList;
			buildConfigurations = (
				E4DE13FD26DC2510001C7BF5 /* Debug */,
				E4DE13FE26DC2510001C7BF5 /* Release */,
			);
			defaultConfigurationIsVisible = 0;
			defaultConfigurationName = Release;
		};
		E4E283C326DBDB59006BAE2E /* Build configuration list for PBXNativeTarget "WatchLandmarks Extension" */ = {
			isa = XCConfigurationList;
			buildConfigurations = (
				E4E283C126DBDB59006BAE2E /* Debug */,
				E4E283C226DBDB59006BAE2E /* Release */,
			);
			defaultConfigurationIsVisible = 0;
			defaultConfigurationName = Release;
		};
		E4E283C426DBDB59006BAE2E /* Build configuration list for PBXNativeTarget "WatchLandmarks" */ = {
			isa = XCConfigurationList;
			buildConfigurations = (
				E4E283BE26DBDB59006BAE2E /* Debug */,
				E4E283BF26DBDB59006BAE2E /* Release */,
			);
			defaultConfigurationIsVisible = 0;
			defaultConfigurationName = Release;
		};
/* End XCConfigurationList section */
	};
	rootObject = E48B9C6F26D19D5E00817E32 /* Project object */;
}
