// !$*UTF8*$!
{
	archiveVersion = 1;
	classes = {
	};
	objectVersion = 50;
	objects = {

/* Begin PBXBuildFile section */
		E414AD6C26CAD02600703E6F /* Themes.swift in Sources */ = {isa = PBXBuildFile; fileRef = E414AD6B26CAD02600703E6F /* Themes.swift */; };
		E42AE1B8270CBDE400DA0350 /* Cardify.swift in Sources */ = {isa = PBXBuildFile; fileRef = E42AE1B7270CBDE400DA0350 /* Cardify.swift */; };
		E452905F26EA23BA00F75C39 /* ThemeEditor.swift in Sources */ = {isa = PBXBuildFile; fileRef = E452905E26EA23BA00F75C39 /* ThemeEditor.swift */; };
		E492BC6B26C9837C007A691B /* Memorize_Assignment_2App.swift in Sources */ = {isa = PBXBuildFile; fileRef = E492BC6A26C9837C007A691B /* Memorize_Assignment_2App.swift */; };
		E492BC6D26C9837C007A691B /* EmojiMemoryGameView.swift in Sources */ = {isa = PBXBuildFile; fileRef = E492BC6C26C9837C007A691B /* EmojiMemoryGameView.swift */; };
		E492BC6F26C9837C007A691B /* Assets.xcassets in Resources */ = {isa = PBXBuildFile; fileRef = E492BC6E26C9837C007A691B /* Assets.xcassets */; };
		E492BC7226C9837C007A691B /* Preview Assets.xcassets in Resources */ = {isa = PBXBuildFile; fileRef = E492BC7126C9837C007A691B /* Preview Assets.xcassets */; };
		E492BC7A26C98442007A691B /* EmojiMemoryGame.swift in Sources */ = {isa = PBXBuildFile; fileRef = E492BC7926C98442007A691B /* EmojiMemoryGame.swift */; };
		E492BC7C26C98480007A691B /* MemoryGame.swift in Sources */ = {isa = PBXBuildFile; fileRef = E492BC7B26C98480007A691B /* MemoryGame.swift */; };
		E49F85F926E9FA69000696A3 /* ThemeManager.swift in Sources */ = {isa = PBXBuildFile; fileRef = E49F85F826E9FA69000696A3 /* ThemeManager.swift */; };
		E49F85FB26EA0E44000696A3 /* RGBAColor.swift in Sources */ = {isa = PBXBuildFile; fileRef = E49F85FA26EA0E44000696A3 /* RGBAColor.swift */; };
		E4E4854826EBC68900E7E804 /* UtilityViews.swift in Sources */ = {isa = PBXBuildFile; fileRef = E4E4854626EBC68900E7E804 /* UtilityViews.swift */; };
		E4E4854926EBC68900E7E804 /* UtilityExtensions.swift in Sources */ = {isa = PBXBuildFile; fileRef = E4E4854726EBC68900E7E804 /* UtilityExtensions.swift */; };
/* End PBXBuildFile section */

/* Begin PBXFileReference section */
		E414AD6B26CAD02600703E6F /* Themes.swift */ = {isa = PBXFileReference; lastKnownFileType = sourcecode.swift; path = Themes.swift; sourceTree = "<group>"; };
		E42AE1B7270CBDE400DA0350 /* Cardify.swift */ = {isa = PBXFileReference; lastKnownFileType = sourcecode.swift; path = Cardify.swift; sourceTree = "<group>"; };
		E452905E26EA23BA00F75C39 /* ThemeEditor.swift */ = {isa = PBXFileReference; lastKnownFileType = sourcecode.swift; path = ThemeEditor.swift; sourceTree = "<group>"; };
		E492BC6726C9837C007A691B /* Memorize Assignment 2.app */ = {isa = PBXFileReference; explicitFileType = wrapper.application; includeInIndex = 0; path = "Memorize Assignment 2.app"; sourceTree = BUILT_PRODUCTS_DIR; };
		E492BC6A26C9837C007A691B /* Memorize_Assignment_2App.swift */ = {isa = PBXFileReference; lastKnownFileType = sourcecode.swift; path = Memorize_Assignment_2App.swift; sourceTree = "<group>"; };
		E492BC6C26C9837C007A691B /* EmojiMemoryGameView.swift */ = {isa = PBXFileReference; lastKnownFileType = sourcecode.swift; path = EmojiMemoryGameView.swift; sourceTree = "<group>"; };
		E492BC6E26C9837C007A691B /* Assets.xcassets */ = {isa = PBXFileReference; lastKnownFileType = folder.assetcatalog; path = Assets.xcassets; sourceTree = "<group>"; };
		E492BC7126C9837C007A691B /* Preview Assets.xcassets */ = {isa = PBXFileReference; lastKnownFileType = folder.assetcatalog; path = "Preview Assets.xcassets"; sourceTree = "<group>"; };
		E492BC7326C9837C007A691B /* Info.plist */ = {isa = PBXFileReference; lastKnownFileType = text.plist.xml; path = Info.plist; sourceTree = "<group>"; };
		E492BC7926C98442007A691B /* EmojiMemoryGame.swift */ = {isa = PBXFileReference; lastKnownFileType = sourcecode.swift; path = EmojiMemoryGame.swift; sourceTree = "<group>"; };
		E492BC7B26C98480007A691B /* MemoryGame.swift */ = {isa = PBXFileReference; lastKnownFileType = sourcecode.swift; path = MemoryGame.swift; sourceTree = "<group>"; };
		E49F85F826E9FA69000696A3 /* ThemeManager.swift */ = {isa = PBXFileReference; lastKnownFileType = sourcecode.swift; path = ThemeManager.swift; sourceTree = "<group>"; };
		E49F85FA26EA0E44000696A3 /* RGBAColor.swift */ = {isa = PBXFileReference; lastKnownFileType = sourcecode.swift; path = RGBAColor.swift; sourceTree = "<group>"; };
		E4E4854626EBC68900E7E804 /* UtilityViews.swift */ = {isa = PBXFileReference; fileEncoding = 4; lastKnownFileType = sourcecode.swift; path = UtilityViews.swift; sourceTree = "<group>"; };
		E4E4854726EBC68900E7E804 /* UtilityExtensions.swift */ = {isa = PBXFileReference; fileEncoding = 4; lastKnownFileType = sourcecode.swift; path = UtilityExtensions.swift; sourceTree = "<group>"; };
/* End PBXFileReference section */

/* Begin PBXFrameworksBuildPhase section */
		E492BC6426C9837C007A691B /* Frameworks */ = {
			isa = PBXFrameworksBuildPhase;
			buildActionMask = 2147483647;
			files = (
			);
			runOnlyForDeploymentPostprocessing = 0;
		};
/* End PBXFrameworksBuildPhase section */

/* Begin PBXGroup section */
		E492BC5E26C9837C007A691B = {
			isa = PBXGroup;
			children = (
				E492BC6926C9837C007A691B /* Memorize Assignment 2 */,
				E492BC6826C9837C007A691B /* Products */,
			);
			sourceTree = "<group>";
		};
		E492BC6826C9837C007A691B /* Products */ = {
			isa = PBXGroup;
			children = (
				E492BC6726C9837C007A691B /* Memorize Assignment 2.app */,
			);
			name = Products;
			sourceTree = "<group>";
		};
		E492BC6926C9837C007A691B /* Memorize Assignment 2 */ = {
			isa = PBXGroup;
			children = (
				E492BC6A26C9837C007A691B /* Memorize_Assignment_2App.swift */,
				E492BC7B26C98480007A691B /* MemoryGame.swift */,
				E492BC7926C98442007A691B /* EmojiMemoryGame.swift */,
				E492BC6C26C9837C007A691B /* EmojiMemoryGameView.swift */,
				E414AD6B26CAD02600703E6F /* Themes.swift */,
				E49F85F826E9FA69000696A3 /* ThemeManager.swift */,
				E452905E26EA23BA00F75C39 /* ThemeEditor.swift */,
				E49F85FA26EA0E44000696A3 /* RGBAColor.swift */,
				E42AE1B7270CBDE400DA0350 /* Cardify.swift */,
				E4E4854726EBC68900E7E804 /* UtilityExtensions.swift */,
				E4E4854626EBC68900E7E804 /* UtilityViews.swift */,
				E492BC6E26C9837C007A691B /* Assets.xcassets */,
				E492BC7326C9837C007A691B /* Info.plist */,
				E492BC7026C9837C007A691B /* Preview Content */,
			);
			path = "Memorize Assignment 2";
			sourceTree = "<group>";
		};
		E492BC7026C9837C007A691B /* Preview Content */ = {
			isa = PBXGroup;
			children = (
				E492BC7126C9837C007A691B /* Preview Assets.xcassets */,
			);
			path = "Preview Content";
			sourceTree = "<group>";
		};
/* End PBXGroup section */

/* Begin PBXNativeTarget section */
		E492BC6626C9837C007A691B /* Memorize Assignment 2 */ = {
			isa = PBXNativeTarget;
			buildConfigurationList = E492BC7626C9837C007A691B /* Build configuration list for PBXNativeTarget "Memorize Assignment 2" */;
			buildPhases = (
				E492BC6326C9837C007A691B /* Sources */,
				E492BC6426C9837C007A691B /* Frameworks */,
				E492BC6526C9837C007A691B /* Resources */,
			);
			buildRules = (
			);
			dependencies = (
			);
			name = "Memorize Assignment 2";
			productName = "Memorize Assignment 2";
			productReference = E492BC6726C9837C007A691B /* Memorize Assignment 2.app */;
			productType = "com.apple.product-type.application";
		};
/* End PBXNativeTarget section */

/* Begin PBXProject section */
		E492BC5F26C9837C007A691B /* Project object */ = {
			isa = PBXProject;
			attributes = {
				LastSwiftUpdateCheck = 1250;
				LastUpgradeCheck = 1250;
				TargetAttributes = {
					E492BC6626C9837C007A691B = {
						CreatedOnToolsVersion = 12.5.1;
					};
				};
			};
			buildConfigurationList = E492BC6226C9837C007A691B /* Build configuration list for PBXProject "Memorize Assignment 2" */;
			compatibilityVersion = "Xcode 9.3";
			developmentRegion = en;
			hasScannedForEncodings = 0;
			knownRegions = (
				en,
				Base,
			);
			mainGroup = E492BC5E26C9837C007A691B;
			productRefGroup = E492BC6826C9837C007A691B /* Products */;
			projectDirPath = "";
			projectRoot = "";
			targets = (
				E492BC6626C9837C007A691B /* Memorize Assignment 2 */,
			);
		};
/* End PBXProject section */

/* Begin PBXResourcesBuildPhase section */
		E492BC6526C9837C007A691B /* Resources */ = {
			isa = PBXResourcesBuildPhase;
			buildActionMask = 2147483647;
			files = (
				E492BC7226C9837C007A691B /* Preview Assets.xcassets in Resources */,
				E492BC6F26C9837C007A691B /* Assets.xcassets in Resources */,
			);
			runOnlyForDeploymentPostprocessing = 0;
		};
/* End PBXResourcesBuildPhase section */

/* Begin PBXSourcesBuildPhase section */
		E492BC6326C9837C007A691B /* Sources */ = {
			isa = PBXSourcesBuildPhase;
			buildActionMask = 2147483647;
			files = (
				E42AE1B8270CBDE400DA0350 /* Cardify.swift in Sources */,
				E492BC6D26C9837C007A691B /* EmojiMemoryGameView.swift in Sources */,
				E49F85F926E9FA69000696A3 /* ThemeManager.swift in Sources */,
				E4E4854826EBC68900E7E804 /* UtilityViews.swift in Sources */,
				E492BC6B26C9837C007A691B /* Memorize_Assignment_2App.swift in Sources */,
				E492BC7C26C98480007A691B /* MemoryGame.swift in Sources */,
				E49F85FB26EA0E44000696A3 /* RGBAColor.swift in Sources */,
				E414AD6C26CAD02600703E6F /* Themes.swift in Sources */,
				E452905F26EA23BA00F75C39 /* ThemeEditor.swift in Sources */,
				E4E4854926EBC68900E7E804 /* UtilityExtensions.swift in Sources */,
				E492BC7A26C98442007A691B /* EmojiMemoryGame.swift in Sources */,
			);
			runOnlyForDeploymentPostprocessing = 0;
		};
/* End PBXSourcesBuildPhase section */

/* Begin XCBuildConfiguration section */
		E492BC7426C9837C007A691B /* Debug */ = {
			isa = XCBuildConfiguration;
			buildSettings = {
				ALWAYS_SEARCH_USER_PATHS = NO;
				CLANG_ANALYZER_NONNULL = YES;
				CLANG_ANALYZER_NUMBER_OBJECT_CONVERSION = YES_AGGRESSIVE;
				CLANG_CXX_LANGUAGE_STANDARD = "gnu++14";
				CLANG_CXX_LIBRARY = "libc++";
				CLANG_ENABLE_MODULES = YES;
				CLANG_ENABLE_OBJC_ARC = YES;
				CLANG_ENABLE_OBJC_WEAK = YES;
				CLANG_WARN_BLOCK_CAPTURE_AUTORELEASING = YES;
				CLANG_WARN_BOOL_CONVERSION = YES;
				CLANG_WARN_COMMA = YES;
				CLANG_WARN_CONSTANT_CONVERSION = YES;
				CLANG_WARN_DEPRECATED_OBJC_IMPLEMENTATIONS = YES;
				CLANG_WARN_DIRECT_OBJC_ISA_USAGE = YES_ERROR;
				CLANG_WARN_DOCUMENTATION_COMMENTS = YES;
				CLANG_WARN_EMPTY_BODY = YES;
				CLANG_WARN_ENUM_CONVERSION = YES;
				CLANG_WARN_INFINITE_RECURSION = YES;
				CLANG_WARN_INT_CONVERSION = YES;
				CLANG_WARN_NON_LITERAL_NULL_CONVERSION = YES;
				CLANG_WARN_OBJC_IMPLICIT_RETAIN_SELF = YES;
				CLANG_WARN_OBJC_LITERAL_CONVERSION = YES;
				CLANG_WARN_OBJC_ROOT_CLASS = YES_ERROR;
				CLANG_WARN_QUOTED_INCLUDE_IN_FRAMEWORK_HEADER = YES;
				CLANG_WARN_RANGE_LOOP_ANALYSIS = YES;
				CLANG_WARN_STRICT_PROTOTYPES = YES;
				CLANG_WARN_SUSPICIOUS_MOVE = YES;
				CLANG_WARN_UNGUARDED_AVAILABILITY = YES_AGGRESSIVE;
				CLANG_WARN_UNREACHABLE_CODE = YES;
				CLANG_WARN__DUPLICATE_METHOD_MATCH = YES;
				COPY_PHASE_STRIP = NO;
				DEBUG_INFORMATION_FORMAT = dwarf;
				ENABLE_STRICT_OBJC_MSGSEND = YES;
				ENABLE_TESTABILITY = YES;
				GCC_C_LANGUAGE_STANDARD = gnu11;
				GCC_DYNAMIC_NO_PIC = NO;
				GCC_NO_COMMON_BLOCKS = YES;
				GCC_OPTIMIZATION_LEVEL = 0;
				GCC_PREPROCESSOR_DEFINITIONS = (
					"DEBUG=1",
					"$(inherited)",
				);
				GCC_WARN_64_TO_32_BIT_CONVERSION = YES;
				GCC_WARN_ABOUT_RETURN_TYPE = YES_ERROR;
				GCC_WARN_UNDECLARED_SELECTOR = YES;
				GCC_WARN_UNINITIALIZED_AUTOS = YES_AGGRESSIVE;
				GCC_WARN_UNUSED_FUNCTION = YES;
				GCC_WARN_UNUSED_VARIABLE = YES;
				IPHONEOS_DEPLOYMENT_TARGET = 14.5;
				MTL_ENABLE_DEBUG_INFO = INCLUDE_SOURCE;
				MTL_FAST_MATH = YES;
				ONLY_ACTIVE_ARCH = YES;
				SDKROOT = iphoneos;
				SWIFT_ACTIVE_COMPILATION_CONDITIONS = DEBUG;
				SWIFT_OPTIMIZATION_LEVEL = "-Onone";
			};
			name = Debug;
		};
		E492BC7526C9837C007A691B /* Release */ = {
			isa = XCBuildConfiguration;
			buildSettings = {
				ALWAYS_SEARCH_USER_PATHS = NO;
				CLANG_ANALYZER_NONNULL = YES;
				CLANG_ANALYZER_NUMBER_OBJECT_CONVERSION = YES_AGGRESSIVE;
				CLANG_CXX_LANGUAGE_STANDARD = "gnu++14";
				CLANG_CXX_LIBRARY = "libc++";
				CLANG_ENABLE_MODULES = YES;
				CLANG_ENABLE_OBJC_ARC = YES;
				CLANG_ENABLE_OBJC_WEAK = YES;
				CLANG_WARN_BLOCK_CAPTURE_AUTORELEASING = YES;
				CLANG_WARN_BOOL_CONVERSION = YES;
				CLANG_WARN_COMMA = YES;
				CLANG_WARN_CONSTANT_CONVERSION = YES;
				CLANG_WARN_DEPRECATED_OBJC_IMPLEMENTATIONS = YES;
				CLANG_WARN_DIRECT_OBJC_ISA_USAGE = YES_ERROR;
				CLANG_WARN_DOCUMENTATION_COMMENTS = YES;
				CLANG_WARN_EMPTY_BODY = YES;
				CLANG_WARN_ENUM_CONVERSION = YES;
				CLANG_WARN_INFINITE_RECURSION = YES;
				CLANG_WARN_INT_CONVERSION = YES;
				CLANG_WARN_NON_LITERAL_NULL_CONVERSION = YES;
				CLANG_WARN_OBJC_IMPLICIT_RETAIN_SELF = YES;
				CLANG_WARN_OBJC_LITERAL_CONVERSION = YES;
				CLANG_WARN_OBJC_ROOT_CLASS = YES_ERROR;
				CLANG_WARN_QUOTED_INCLUDE_IN_FRAMEWORK_HEADER = YES;
				CLANG_WARN_RANGE_LOOP_ANALYSIS = YES;
				CLANG_WARN_STRICT_PROTOTYPES = YES;
				CLANG_WARN_SUSPICIOUS_MOVE = YES;
				CLANG_WARN_UNGUARDED_AVAILABILITY = YES_AGGRESSIVE;
				CLANG_WARN_UNREACHABLE_CODE = YES;
				CLANG_WARN__DUPLICATE_METHOD_MATCH = YES;
				COPY_PHASE_STRIP = NO;
				DEBUG_INFORMATION_FORMAT = "dwarf-with-dsym";
				ENABLE_NS_ASSERTIONS = NO;
				ENABLE_STRICT_OBJC_MSGSEND = YES;
				GCC_C_LANGUAGE_STANDARD = gnu11;
				GCC_NO_COMMON_BLOCKS = YES;
				GCC_WARN_64_TO_32_BIT_CONVERSION = YES;
				GCC_WARN_ABOUT_RETURN_TYPE = YES_ERROR;
				GCC_WARN_UNDECLARED_SELECTOR = YES;
				GCC_WARN_UNINITIALIZED_AUTOS = YES_AGGRESSIVE;
				GCC_WARN_UNUSED_FUNCTION = YES;
				GCC_WARN_UNUSED_VARIABLE = YES;
				IPHONEOS_DEPLOYMENT_TARGET = 14.5;
				MTL_ENABLE_DEBUG_INFO = NO;
				MTL_FAST_MATH = YES;
				SDKROOT = iphoneos;
				SWIFT_COMPILATION_MODE = wholemodule;
				SWIFT_OPTIMIZATION_LEVEL = "-O";
				VALIDATE_PRODUCT = YES;
			};
			name = Release;
		};
		E492BC7726C9837C007A691B /* Debug */ = {
			isa = XCBuildConfiguration;
			buildSettings = {
				ASSETCATALOG_COMPILER_APPICON_NAME = AppIcon;
				ASSETCATALOG_COMPILER_GLOBAL_ACCENT_COLOR_NAME = AccentColor;
				CODE_SIGN_STYLE = Automatic;
				DEVELOPMENT_ASSET_PATHS = "\"Memorize Assignment 2/Preview Content\"";
				DEVELOPMENT_TEAM = R2S4TKF2UY;
				ENABLE_PREVIEWS = YES;
				INFOPLIST_FILE = "Memorize Assignment 2/Info.plist";
				IPHONEOS_DEPLOYMENT_TARGET = 14.0;
				LD_RUNPATH_SEARCH_PATHS = (
					"$(inherited)",
					"@executable_path/Frameworks",
				);
				PRODUCT_BUNDLE_IDENTIFIER = "yaanvar.Memorize-Assignment-2";
				PRODUCT_NAME = "$(TARGET_NAME)";
				SWIFT_VERSION = 5.0;
				TARGETED_DEVICE_FAMILY = "1,2";
			};
			name = Debug;
		};
		E492BC7826C9837C007A691B /* Release */ = {
			isa = XCBuildConfiguration;
			buildSettings = {
				ASSETCATALOG_COMPILER_APPICON_NAME = AppIcon;
				ASSETCATALOG_COMPILER_GLOBAL_ACCENT_COLOR_NAME = AccentColor;
				CODE_SIGN_STYLE = Automatic;
				DEVELOPMENT_ASSET_PATHS = "\"Memorize Assignment 2/Preview Content\"";
				DEVELOPMENT_TEAM = R2S4TKF2UY;
				ENABLE_PREVIEWS = YES;
				INFOPLIST_FILE = "Memorize Assignment 2/Info.plist";
				IPHONEOS_DEPLOYMENT_TARGET = 14.0;
				LD_RUNPATH_SEARCH_PATHS = (
					"$(inherited)",
					"@executable_path/Frameworks",
				);
				PRODUCT_BUNDLE_IDENTIFIER = "yaanvar.Memorize-Assignment-2";
				PRODUCT_NAME = "$(TARGET_NAME)";
				SWIFT_VERSION = 5.0;
				TARGETED_DEVICE_FAMILY = "1,2";
			};
			name = Release;
		};
/* End XCBuildConfiguration section */

/* Begin XCConfigurationList section */
		E492BC6226C9837C007A691B /* Build configuration list for PBXProject "Memorize Assignment 2" */ = {
			isa = XCConfigurationList;
			buildConfigurations = (
				E492BC7426C9837C007A691B /* Debug */,
				E492BC7526C9837C007A691B /* Release */,
			);
			defaultConfigurationIsVisible = 0;
			defaultConfigurationName = Release;
		};
		E492BC7626C9837C007A691B /* Build configuration list for PBXNativeTarget "Memorize Assignment 2" */ = {
			isa = XCConfigurationList;
			buildConfigurations = (
				E492BC7726C9837C007A691B /* Debug */,
				E492BC7826C9837C007A691B /* Release */,
			);
			defaultConfigurationIsVisible = 0;
			defaultConfigurationName = Release;
		};
/* End XCConfigurationList section */
	};
	rootObject = E492BC5F26C9837C007A691B /* Project object */;
}
