// !$*UTF8*$!
{
	archiveVersion = 1;
	classes = {
	};
	objectVersion = 50;
	objects = {

/* Begin PBXBuildFile section */
		E4A0FCF426F7B0CB00AE33FD /* EmojiArtApp.swift in Sources */ = {isa = PBXBuildFile; fileRef = E4A0FCE026F7B0CA00AE33FD /* EmojiArtApp.swift */; };
		E4A0FCF526F7B0CB00AE33FD /* EmojiArtApp.swift in Sources */ = {isa = PBXBuildFile; fileRef = E4A0FCE026F7B0CA00AE33FD /* EmojiArtApp.swift */; };
		E4A0FCF626F7B0CB00AE33FD /* EmojiArtDocument.swift in Sources */ = {isa = PBXBuildFile; fileRef = E4A0FCE126F7B0CA00AE33FD /* EmojiArtDocument.swift */; };
		E4A0FCF726F7B0CB00AE33FD /* EmojiArtDocument.swift in Sources */ = {isa = PBXBuildFile; fileRef = E4A0FCE126F7B0CA00AE33FD /* EmojiArtDocument.swift */; };
		E4A0FCFA26F7B0CB00AE33FD /* Assets.xcassets in Resources */ = {isa = PBXBuildFile; fileRef = E4A0FCE326F7B0CB00AE33FD /* Assets.xcassets */; };
		E4A0FCFB26F7B0CB00AE33FD /* Assets.xcassets in Resources */ = {isa = PBXBuildFile; fileRef = E4A0FCE326F7B0CB00AE33FD /* Assets.xcassets */; };
		E4A0FD0F26F7B1A300AE33FD /* PaletteChooser.swift in Sources */ = {isa = PBXBuildFile; fileRef = E4A0FD0426F7B1A200AE33FD /* PaletteChooser.swift */; };
		E4A0FD1026F7B1A300AE33FD /* PaletteChooser.swift in Sources */ = {isa = PBXBuildFile; fileRef = E4A0FD0426F7B1A200AE33FD /* PaletteChooser.swift */; };
		E4A0FD1126F7B1A300AE33FD /* EmojiArtModel.Background.swift in Sources */ = {isa = PBXBuildFile; fileRef = E4A0FD0526F7B1A200AE33FD /* EmojiArtModel.Background.swift */; };
		E4A0FD1226F7B1A300AE33FD /* EmojiArtModel.Background.swift in Sources */ = {isa = PBXBuildFile; fileRef = E4A0FD0526F7B1A200AE33FD /* EmojiArtModel.Background.swift */; };
		E4A0FD1326F7B1A300AE33FD /* UtilityViews.swift in Sources */ = {isa = PBXBuildFile; fileRef = E4A0FD0626F7B1A300AE33FD /* UtilityViews.swift */; };
		E4A0FD1426F7B1A300AE33FD /* UtilityViews.swift in Sources */ = {isa = PBXBuildFile; fileRef = E4A0FD0626F7B1A300AE33FD /* UtilityViews.swift */; };
		E4A0FD1526F7B1A300AE33FD /* UtilityExtensions.swift in Sources */ = {isa = PBXBuildFile; fileRef = E4A0FD0726F7B1A300AE33FD /* UtilityExtensions.swift */; };
		E4A0FD1626F7B1A300AE33FD /* UtilityExtensions.swift in Sources */ = {isa = PBXBuildFile; fileRef = E4A0FD0726F7B1A300AE33FD /* UtilityExtensions.swift */; };
		E4A0FD1726F7B1A300AE33FD /* PaletteManager.swift in Sources */ = {isa = PBXBuildFile; fileRef = E4A0FD0826F7B1A300AE33FD /* PaletteManager.swift */; };
		E4A0FD1926F7B1A300AE33FD /* PhotoLibrary.swift in Sources */ = {isa = PBXBuildFile; fileRef = E4A0FD0926F7B1A300AE33FD /* PhotoLibrary.swift */; };
		E4A0FD1B26F7B1A300AE33FD /* EmojiArtModel.swift in Sources */ = {isa = PBXBuildFile; fileRef = E4A0FD0A26F7B1A300AE33FD /* EmojiArtModel.swift */; };
		E4A0FD1C26F7B1A300AE33FD /* EmojiArtModel.swift in Sources */ = {isa = PBXBuildFile; fileRef = E4A0FD0A26F7B1A300AE33FD /* EmojiArtModel.swift */; };
		E4A0FD1D26F7B1A300AE33FD /* EmojiArtDocumentView.swift in Sources */ = {isa = PBXBuildFile; fileRef = E4A0FD0B26F7B1A300AE33FD /* EmojiArtDocumentView.swift */; };
		E4A0FD1E26F7B1A300AE33FD /* EmojiArtDocumentView.swift in Sources */ = {isa = PBXBuildFile; fileRef = E4A0FD0B26F7B1A300AE33FD /* EmojiArtDocumentView.swift */; };
		E4A0FD1F26F7B1A300AE33FD /* PaletteStore.swift in Sources */ = {isa = PBXBuildFile; fileRef = E4A0FD0C26F7B1A300AE33FD /* PaletteStore.swift */; };
		E4A0FD2026F7B1A300AE33FD /* PaletteStore.swift in Sources */ = {isa = PBXBuildFile; fileRef = E4A0FD0C26F7B1A300AE33FD /* PaletteStore.swift */; };
		E4A0FD2126F7B1A300AE33FD /* PaletteEditor.swift in Sources */ = {isa = PBXBuildFile; fileRef = E4A0FD0D26F7B1A300AE33FD /* PaletteEditor.swift */; };
		E4A0FD2226F7B1A300AE33FD /* PaletteEditor.swift in Sources */ = {isa = PBXBuildFile; fileRef = E4A0FD0D26F7B1A300AE33FD /* PaletteEditor.swift */; };
		E4A0FD2326F7B1A300AE33FD /* Camera.swift in Sources */ = {isa = PBXBuildFile; fileRef = E4A0FD0E26F7B1A300AE33FD /* Camera.swift */; };
		E4A0FD2726F7B35000AE33FD /* macOS.swift in Sources */ = {isa = PBXBuildFile; fileRef = E4A0FD2526F7B35000AE33FD /* macOS.swift */; };
		E4A0FD2926F7B52900AE33FD /* iOS.swift in Sources */ = {isa = PBXBuildFile; fileRef = E4A0FD2826F7B52900AE33FD /* iOS.swift */; };
/* End PBXBuildFile section */

/* Begin PBXFileReference section */
		E4A0FCE026F7B0CA00AE33FD /* EmojiArtApp.swift */ = {isa = PBXFileReference; lastKnownFileType = sourcecode.swift; path = EmojiArtApp.swift; sourceTree = "<group>"; };
		E4A0FCE126F7B0CA00AE33FD /* EmojiArtDocument.swift */ = {isa = PBXFileReference; lastKnownFileType = sourcecode.swift; path = EmojiArtDocument.swift; sourceTree = "<group>"; };
		E4A0FCE326F7B0CB00AE33FD /* Assets.xcassets */ = {isa = PBXFileReference; lastKnownFileType = folder.assetcatalog; path = Assets.xcassets; sourceTree = "<group>"; };
		E4A0FCE826F7B0CB00AE33FD /* EmojiArt.app */ = {isa = PBXFileReference; explicitFileType = wrapper.application; includeInIndex = 0; path = EmojiArt.app; sourceTree = BUILT_PRODUCTS_DIR; };
		E4A0FCEB26F7B0CB00AE33FD /* Info.plist */ = {isa = PBXFileReference; lastKnownFileType = text.plist.xml; path = Info.plist; sourceTree = "<group>"; };
		E4A0FCF026F7B0CB00AE33FD /* EmojiArt.app */ = {isa = PBXFileReference; explicitFileType = wrapper.application; includeInIndex = 0; path = EmojiArt.app; sourceTree = BUILT_PRODUCTS_DIR; };
		E4A0FCF226F7B0CB00AE33FD /* Info.plist */ = {isa = PBXFileReference; lastKnownFileType = text.plist.xml; path = Info.plist; sourceTree = "<group>"; };
		E4A0FCF326F7B0CB00AE33FD /* macOS.entitlements */ = {isa = PBXFileReference; lastKnownFileType = text.plist.entitlements; path = macOS.entitlements; sourceTree = "<group>"; };
		E4A0FD0426F7B1A200AE33FD /* PaletteChooser.swift */ = {isa = PBXFileReference; fileEncoding = 4; lastKnownFileType = sourcecode.swift; name = PaletteChooser.swift; path = "../../EmojiArt iOS/EmojiArt/PaletteChooser.swift"; sourceTree = "<group>"; };
		E4A0FD0526F7B1A200AE33FD /* EmojiArtModel.Background.swift */ = {isa = PBXFileReference; fileEncoding = 4; lastKnownFileType = sourcecode.swift; name = EmojiArtModel.Background.swift; path = "../../EmojiArt iOS/EmojiArt/EmojiArtModel.Background.swift"; sourceTree = "<group>"; };
		E4A0FD0626F7B1A300AE33FD /* UtilityViews.swift */ = {isa = PBXFileReference; fileEncoding = 4; lastKnownFileType = sourcecode.swift; name = UtilityViews.swift; path = "../../EmojiArt iOS/EmojiArt/UtilityViews.swift"; sourceTree = "<group>"; };
		E4A0FD0726F7B1A300AE33FD /* UtilityExtensions.swift */ = {isa = PBXFileReference; fileEncoding = 4; lastKnownFileType = sourcecode.swift; name = UtilityExtensions.swift; path = "../../EmojiArt iOS/EmojiArt/UtilityExtensions.swift"; sourceTree = "<group>"; };
		E4A0FD0826F7B1A300AE33FD /* PaletteManager.swift */ = {isa = PBXFileReference; fileEncoding = 4; lastKnownFileType = sourcecode.swift; path = PaletteManager.swift; sourceTree = "<group>"; };
		E4A0FD0926F7B1A300AE33FD /* PhotoLibrary.swift */ = {isa = PBXFileReference; fileEncoding = 4; lastKnownFileType = sourcecode.swift; path = PhotoLibrary.swift; sourceTree = "<group>"; };
		E4A0FD0A26F7B1A300AE33FD /* EmojiArtModel.swift */ = {isa = PBXFileReference; fileEncoding = 4; lastKnownFileType = sourcecode.swift; name = EmojiArtModel.swift; path = "../../EmojiArt iOS/EmojiArt/EmojiArtModel.swift"; sourceTree = "<group>"; };
		E4A0FD0B26F7B1A300AE33FD /* EmojiArtDocumentView.swift */ = {isa = PBXFileReference; fileEncoding = 4; lastKnownFileType = sourcecode.swift; name = EmojiArtDocumentView.swift; path = "../../EmojiArt iOS/EmojiArt/EmojiArtDocumentView.swift"; sourceTree = "<group>"; };
		E4A0FD0C26F7B1A300AE33FD /* PaletteStore.swift */ = {isa = PBXFileReference; fileEncoding = 4; lastKnownFileType = sourcecode.swift; name = PaletteStore.swift; path = "../../EmojiArt iOS/EmojiArt/PaletteStore.swift"; sourceTree = "<group>"; };
		E4A0FD0D26F7B1A300AE33FD /* PaletteEditor.swift */ = {isa = PBXFileReference; fileEncoding = 4; lastKnownFileType = sourcecode.swift; name = PaletteEditor.swift; path = "../../EmojiArt iOS/EmojiArt/PaletteEditor.swift"; sourceTree = "<group>"; };
		E4A0FD0E26F7B1A300AE33FD /* Camera.swift */ = {isa = PBXFileReference; fileEncoding = 4; lastKnownFileType = sourcecode.swift; path = Camera.swift; sourceTree = "<group>"; };
		E4A0FD2526F7B35000AE33FD /* macOS.swift */ = {isa = PBXFileReference; lastKnownFileType = sourcecode.swift; path = macOS.swift; sourceTree = "<group>"; };
		E4A0FD2826F7B52900AE33FD /* iOS.swift */ = {isa = PBXFileReference; lastKnownFileType = sourcecode.swift; path = iOS.swift; sourceTree = "<group>"; };
/* End PBXFileReference section */

/* Begin PBXFrameworksBuildPhase section */
		E4A0FCE526F7B0CB00AE33FD /* Frameworks */ = {
			isa = PBXFrameworksBuildPhase;
			buildActionMask = 2147483647;
			files = (
			);
			runOnlyForDeploymentPostprocessing = 0;
		};
		E4A0FCED26F7B0CB00AE33FD /* Frameworks */ = {
			isa = PBXFrameworksBuildPhase;
			buildActionMask = 2147483647;
			files = (
			);
			runOnlyForDeploymentPostprocessing = 0;
		};
/* End PBXFrameworksBuildPhase section */

/* Begin PBXGroup section */
		E4A0FCDA26F7B0CA00AE33FD = {
			isa = PBXGroup;
			children = (
				E4A0FCDF26F7B0CA00AE33FD /* Shared */,
				E4A0FCEA26F7B0CB00AE33FD /* iOS */,
				E4A0FCF126F7B0CB00AE33FD /* macOS */,
				E4A0FCE926F7B0CB00AE33FD /* Products */,
			);
			sourceTree = "<group>";
		};
		E4A0FCDF26F7B0CA00AE33FD /* Shared */ = {
			isa = PBXGroup;
			children = (
				E4A0FCE026F7B0CA00AE33FD /* EmojiArtApp.swift */,
				E4A0FCE126F7B0CA00AE33FD /* EmojiArtDocument.swift */,
				E4A0FD0B26F7B1A300AE33FD /* EmojiArtDocumentView.swift */,
				E4A0FD0526F7B1A200AE33FD /* EmojiArtModel.Background.swift */,
				E4A0FD0A26F7B1A300AE33FD /* EmojiArtModel.swift */,
				E4A0FD0426F7B1A200AE33FD /* PaletteChooser.swift */,
				E4A0FD0D26F7B1A300AE33FD /* PaletteEditor.swift */,
				E4A0FD0C26F7B1A300AE33FD /* PaletteStore.swift */,
				E4A0FD0726F7B1A300AE33FD /* UtilityExtensions.swift */,
				E4A0FD0626F7B1A300AE33FD /* UtilityViews.swift */,
				E4A0FCE326F7B0CB00AE33FD /* Assets.xcassets */,
			);
			path = Shared;
			sourceTree = "<group>";
		};
		E4A0FCE926F7B0CB00AE33FD /* Products */ = {
			isa = PBXGroup;
			children = (
				E4A0FCE826F7B0CB00AE33FD /* EmojiArt.app */,
				E4A0FCF026F7B0CB00AE33FD /* EmojiArt.app */,
			);
			name = Products;
			sourceTree = "<group>";
		};
		E4A0FCEA26F7B0CB00AE33FD /* iOS */ = {
			isa = PBXGroup;
			children = (
				E4A0FD2826F7B52900AE33FD /* iOS.swift */,
				E4A0FD0826F7B1A300AE33FD /* PaletteManager.swift */,
				E4A0FD0E26F7B1A300AE33FD /* Camera.swift */,
				E4A0FD0926F7B1A300AE33FD /* PhotoLibrary.swift */,
				E4A0FCEB26F7B0CB00AE33FD /* Info.plist */,
			);
			path = iOS;
			sourceTree = "<group>";
		};
		E4A0FCF126F7B0CB00AE33FD /* macOS */ = {
			isa = PBXGroup;
			children = (
				E4A0FD2526F7B35000AE33FD /* macOS.swift */,
				E4A0FCF226F7B0CB00AE33FD /* Info.plist */,
				E4A0FCF326F7B0CB00AE33FD /* macOS.entitlements */,
			);
			path = macOS;
			sourceTree = "<group>";
		};
/* End PBXGroup section */

/* Begin PBXNativeTarget section */
		E4A0FCE726F7B0CB00AE33FD /* EmojiArt (iOS) */ = {
			isa = PBXNativeTarget;
			buildConfigurationList = E4A0FCFE26F7B0CB00AE33FD /* Build configuration list for PBXNativeTarget "EmojiArt (iOS)" */;
			buildPhases = (
				E4A0FCE426F7B0CB00AE33FD /* Sources */,
				E4A0FCE526F7B0CB00AE33FD /* Frameworks */,
				E4A0FCE626F7B0CB00AE33FD /* Resources */,
			);
			buildRules = (
			);
			dependencies = (
			);
			name = "EmojiArt (iOS)";
			productName = "EmojiArt (iOS)";
			productReference = E4A0FCE826F7B0CB00AE33FD /* EmojiArt.app */;
			productType = "com.apple.product-type.application";
		};
		E4A0FCEF26F7B0CB00AE33FD /* EmojiArt (macOS) */ = {
			isa = PBXNativeTarget;
			buildConfigurationList = E4A0FD0126F7B0CB00AE33FD /* Build configuration list for PBXNativeTarget "EmojiArt (macOS)" */;
			buildPhases = (
				E4A0FCEC26F7B0CB00AE33FD /* Sources */,
				E4A0FCED26F7B0CB00AE33FD /* Frameworks */,
				E4A0FCEE26F7B0CB00AE33FD /* Resources */,
			);
			buildRules = (
			);
			dependencies = (
			);
			name = "EmojiArt (macOS)";
			productName = "EmojiArt (macOS)";
			productReference = E4A0FCF026F7B0CB00AE33FD /* EmojiArt.app */;
			productType = "com.apple.product-type.application";
		};
/* End PBXNativeTarget section */

/* Begin PBXProject section */
		E4A0FCDB26F7B0CA00AE33FD /* Project object */ = {
			isa = PBXProject;
			attributes = {
				LastSwiftUpdateCheck = 1250;
				LastUpgradeCheck = 1250;
				TargetAttributes = {
					E4A0FCE726F7B0CB00AE33FD = {
						CreatedOnToolsVersion = 12.5.1;
					};
					E4A0FCEF26F7B0CB00AE33FD = {
						CreatedOnToolsVersion = 12.5.1;
					};
				};
			};
			buildConfigurationList = E4A0FCDE26F7B0CA00AE33FD /* Build configuration list for PBXProject "EmojiArt" */;
			compatibilityVersion = "Xcode 9.3";
			developmentRegion = en;
			hasScannedForEncodings = 0;
			knownRegions = (
				en,
				Base,
			);
			mainGroup = E4A0FCDA26F7B0CA00AE33FD;
			productRefGroup = E4A0FCE926F7B0CB00AE33FD /* Products */;
			projectDirPath = "";
			projectRoot = "";
			targets = (
				E4A0FCE726F7B0CB00AE33FD /* EmojiArt (iOS) */,
				E4A0FCEF26F7B0CB00AE33FD /* EmojiArt (macOS) */,
			);
		};
/* End PBXProject section */

/* Begin PBXResourcesBuildPhase section */
		E4A0FCE626F7B0CB00AE33FD /* Resources */ = {
			isa = PBXResourcesBuildPhase;
			buildActionMask = 2147483647;
			files = (
				E4A0FCFA26F7B0CB00AE33FD /* Assets.xcassets in Resources */,
			);
			runOnlyForDeploymentPostprocessing = 0;
		};
		E4A0FCEE26F7B0CB00AE33FD /* Resources */ = {
			isa = PBXResourcesBuildPhase;
			buildActionMask = 2147483647;
			files = (
				E4A0FCFB26F7B0CB00AE33FD /* Assets.xcassets in Resources */,
			);
			runOnlyForDeploymentPostprocessing = 0;
		};
/* End PBXResourcesBuildPhase section */

/* Begin PBXSourcesBuildPhase section */
		E4A0FCE426F7B0CB00AE33FD /* Sources */ = {
			isa = PBXSourcesBuildPhase;
			buildActionMask = 2147483647;
			files = (
				E4A0FD1D26F7B1A300AE33FD /* EmojiArtDocumentView.swift in Sources */,
				E4A0FCF426F7B0CB00AE33FD /* EmojiArtApp.swift in Sources */,
				E4A0FCF626F7B0CB00AE33FD /* EmojiArtDocument.swift in Sources */,
				E4A0FD1526F7B1A300AE33FD /* UtilityExtensions.swift in Sources */,
				E4A0FD1726F7B1A300AE33FD /* PaletteManager.swift in Sources */,
				E4A0FD1926F7B1A300AE33FD /* PhotoLibrary.swift in Sources */,
				E4A0FD1326F7B1A300AE33FD /* UtilityViews.swift in Sources */,
				E4A0FD2926F7B52900AE33FD /* iOS.swift in Sources */,
				E4A0FD0F26F7B1A300AE33FD /* PaletteChooser.swift in Sources */,
				E4A0FD2126F7B1A300AE33FD /* PaletteEditor.swift in Sources */,
				E4A0FD1F26F7B1A300AE33FD /* PaletteStore.swift in Sources */,
				E4A0FD2326F7B1A300AE33FD /* Camera.swift in Sources */,
				E4A0FD1126F7B1A300AE33FD /* EmojiArtModel.Background.swift in Sources */,
				E4A0FD1B26F7B1A300AE33FD /* EmojiArtModel.swift in Sources */,
			);
			runOnlyForDeploymentPostprocessing = 0;
		};
		E4A0FCEC26F7B0CB00AE33FD /* Sources */ = {
			isa = PBXSourcesBuildPhase;
			buildActionMask = 2147483647;
			files = (
				E4A0FD1E26F7B1A300AE33FD /* EmojiArtDocumentView.swift in Sources */,
				E4A0FCF526F7B0CB00AE33FD /* EmojiArtApp.swift in Sources */,
				E4A0FCF726F7B0CB00AE33FD /* EmojiArtDocument.swift in Sources */,
				E4A0FD1626F7B1A300AE33FD /* UtilityExtensions.swift in Sources */,
				E4A0FD1426F7B1A300AE33FD /* UtilityViews.swift in Sources */,
				E4A0FD1026F7B1A300AE33FD /* PaletteChooser.swift in Sources */,
				E4A0FD2226F7B1A300AE33FD /* PaletteEditor.swift in Sources */,
				E4A0FD2726F7B35000AE33FD /* macOS.swift in Sources */,
				E4A0FD2026F7B1A300AE33FD /* PaletteStore.swift in Sources */,
				E4A0FD1226F7B1A300AE33FD /* EmojiArtModel.Background.swift in Sources */,
				E4A0FD1C26F7B1A300AE33FD /* EmojiArtModel.swift in Sources */,
			);
			runOnlyForDeploymentPostprocessing = 0;
		};
/* End PBXSourcesBuildPhase section */

/* Begin XCBuildConfiguration section */
		E4A0FCFC26F7B0CB00AE33FD /* Debug */ = {
			isa = XCBuildConfiguration;
			buildSettings = {
				ALWAYS_SEARCH_USER_PATHS = NO;
				CLANG_ANALYZER_NONNULL = YES;
				CLANG_ANALYZER_NUMBER_OBJECT_CONVERSION = YES_AGGRESSIVE;
				CLANG_CXX_LANGUAGE_STANDARD = "gnu++14";
				CLANG_CXX_LIBRARY = "libc++";
				CLANG_ENABLE_MODULES = YES;
				CLANG_ENABLE_OBJC_ARC = YES;
				CLANG_ENABLE_OBJC_WEAK = YES;
				CLANG_WARN_BLOCK_CAPTURE_AUTORELEASING = YES;
				CLANG_WARN_BOOL_CONVERSION = YES;
				CLANG_WARN_COMMA = YES;
				CLANG_WARN_CONSTANT_CONVERSION = YES;
				CLANG_WARN_DEPRECATED_OBJC_IMPLEMENTATIONS = YES;
				CLANG_WARN_DIRECT_OBJC_ISA_USAGE = YES_ERROR;
				CLANG_WARN_DOCUMENTATION_COMMENTS = YES;
				CLANG_WARN_EMPTY_BODY = YES;
				CLANG_WARN_ENUM_CONVERSION = YES;
				CLANG_WARN_INFINITE_RECURSION = YES;
				CLANG_WARN_INT_CONVERSION = YES;
				CLANG_WARN_NON_LITERAL_NULL_CONVERSION = YES;
				CLANG_WARN_OBJC_IMPLICIT_RETAIN_SELF = YES;
				CLANG_WARN_OBJC_LITERAL_CONVERSION = YES;
				CLANG_WARN_OBJC_ROOT_CLASS = YES_ERROR;
				CLANG_WARN_QUOTED_INCLUDE_IN_FRAMEWORK_HEADER = YES;
				CLANG_WARN_RANGE_LOOP_ANALYSIS = YES;
				CLANG_WARN_STRICT_PROTOTYPES = YES;
				CLANG_WARN_SUSPICIOUS_MOVE = YES;
				CLANG_WARN_UNGUARDED_AVAILABILITY = YES_AGGRESSIVE;
				CLANG_WARN_UNREACHABLE_CODE = YES;
				CLANG_WARN__DUPLICATE_METHOD_MATCH = YES;
				COPY_PHASE_STRIP = NO;
				DEBUG_INFORMATION_FORMAT = dwarf;
				ENABLE_STRICT_OBJC_MSGSEND = YES;
				ENABLE_TESTABILITY = YES;
				GCC_C_LANGUAGE_STANDARD = gnu11;
				GCC_DYNAMIC_NO_PIC = NO;
				GCC_NO_COMMON_BLOCKS = YES;
				GCC_OPTIMIZATION_LEVEL = 0;
				GCC_PREPROCESSOR_DEFINITIONS = (
					"DEBUG=1",
					"$(inherited)",
				);
				GCC_WARN_64_TO_32_BIT_CONVERSION = YES;
				GCC_WARN_ABOUT_RETURN_TYPE = YES_ERROR;
				GCC_WARN_UNDECLARED_SELECTOR = YES;
				GCC_WARN_UNINITIALIZED_AUTOS = YES_AGGRESSIVE;
				GCC_WARN_UNUSED_FUNCTION = YES;
				GCC_WARN_UNUSED_VARIABLE = YES;
				MTL_ENABLE_DEBUG_INFO = INCLUDE_SOURCE;
				MTL_FAST_MATH = YES;
				ONLY_ACTIVE_ARCH = YES;
				SWIFT_ACTIVE_COMPILATION_CONDITIONS = DEBUG;
				SWIFT_OPTIMIZATION_LEVEL = "-Onone";
			};
			name = Debug;
		};
		E4A0FCFD26F7B0CB00AE33FD /* Release */ = {
			isa = XCBuildConfiguration;
			buildSettings = {
				ALWAYS_SEARCH_USER_PATHS = NO;
				CLANG_ANALYZER_NONNULL = YES;
				CLANG_ANALYZER_NUMBER_OBJECT_CONVERSION = YES_AGGRESSIVE;
				CLANG_CXX_LANGUAGE_STANDARD = "gnu++14";
				CLANG_CXX_LIBRARY = "libc++";
				CLANG_ENABLE_MODULES = YES;
				CLANG_ENABLE_OBJC_ARC = YES;
				CLANG_ENABLE_OBJC_WEAK = YES;
				CLANG_WARN_BLOCK_CAPTURE_AUTORELEASING = YES;
				CLANG_WARN_BOOL_CONVERSION = YES;
				CLANG_WARN_COMMA = YES;
				CLANG_WARN_CONSTANT_CONVERSION = YES;
				CLANG_WARN_DEPRECATED_OBJC_IMPLEMENTATIONS = YES;
				CLANG_WARN_DIRECT_OBJC_ISA_USAGE = YES_ERROR;
				CLANG_WARN_DOCUMENTATION_COMMENTS = YES;
				CLANG_WARN_EMPTY_BODY = YES;
				CLANG_WARN_ENUM_CONVERSION = YES;
				CLANG_WARN_INFINITE_RECURSION = YES;
				CLANG_WARN_INT_CONVERSION = YES;
				CLANG_WARN_NON_LITERAL_NULL_CONVERSION = YES;
				CLANG_WARN_OBJC_IMPLICIT_RETAIN_SELF = YES;
				CLANG_WARN_OBJC_LITERAL_CONVERSION = YES;
				CLANG_WARN_OBJC_ROOT_CLASS = YES_ERROR;
				CLANG_WARN_QUOTED_INCLUDE_IN_FRAMEWORK_HEADER = YES;
				CLANG_WARN_RANGE_LOOP_ANALYSIS = YES;
				CLANG_WARN_STRICT_PROTOTYPES = YES;
				CLANG_WARN_SUSPICIOUS_MOVE = YES;
				CLANG_WARN_UNGUARDED_AVAILABILITY = YES_AGGRESSIVE;
				CLANG_WARN_UNREACHABLE_CODE = YES;
				CLANG_WARN__DUPLICATE_METHOD_MATCH = YES;
				COPY_PHASE_STRIP = NO;
				DEBUG_INFORMATION_FORMAT = "dwarf-with-dsym";
				ENABLE_NS_ASSERTIONS = NO;
				ENABLE_STRICT_OBJC_MSGSEND = YES;
				GCC_C_LANGUAGE_STANDARD = gnu11;
				GCC_NO_COMMON_BLOCKS = YES;
				GCC_WARN_64_TO_32_BIT_CONVERSION = YES;
				GCC_WARN_ABOUT_RETURN_TYPE = YES_ERROR;
				GCC_WARN_UNDECLARED_SELECTOR = YES;
				GCC_WARN_UNINITIALIZED_AUTOS = YES_AGGRESSIVE;
				GCC_WARN_UNUSED_FUNCTION = YES;
				GCC_WARN_UNUSED_VARIABLE = YES;
				MTL_ENABLE_DEBUG_INFO = NO;
				MTL_FAST_MATH = YES;
				SWIFT_COMPILATION_MODE = wholemodule;
				SWIFT_OPTIMIZATION_LEVEL = "-O";
			};
			name = Release;
		};
		E4A0FCFF26F7B0CB00AE33FD /* Debug */ = {
			isa = XCBuildConfiguration;
			buildSettings = {
				ASSETCATALOG_COMPILER_APPICON_NAME = AppIcon;
				ASSETCATALOG_COMPILER_GLOBAL_ACCENT_COLOR_NAME = AccentColor;
				CODE_SIGN_STYLE = Automatic;
				DEVELOPMENT_TEAM = R2S4TKF2UY;
				ENABLE_PREVIEWS = YES;
				INFOPLIST_FILE = iOS/Info.plist;
				IPHONEOS_DEPLOYMENT_TARGET = 14.0;
				LD_RUNPATH_SEARCH_PATHS = (
					"$(inherited)",
					"@executable_path/Frameworks",
				);
				PRODUCT_BUNDLE_IDENTIFIER = yaanvar.EmojiArt;
				PRODUCT_NAME = EmojiArt;
				SDKROOT = iphoneos;
				SWIFT_VERSION = 5.0;
				TARGETED_DEVICE_FAMILY = "1,2";
			};
			name = Debug;
		};
		E4A0FD0026F7B0CB00AE33FD /* Release */ = {
			isa = XCBuildConfiguration;
			buildSettings = {
				ASSETCATALOG_COMPILER_APPICON_NAME = AppIcon;
				ASSETCATALOG_COMPILER_GLOBAL_ACCENT_COLOR_NAME = AccentColor;
				CODE_SIGN_STYLE = Automatic;
				DEVELOPMENT_TEAM = R2S4TKF2UY;
				ENABLE_PREVIEWS = YES;
				INFOPLIST_FILE = iOS/Info.plist;
				IPHONEOS_DEPLOYMENT_TARGET = 14.0;
				LD_RUNPATH_SEARCH_PATHS = (
					"$(inherited)",
					"@executable_path/Frameworks",
				);
				PRODUCT_BUNDLE_IDENTIFIER = yaanvar.EmojiArt;
				PRODUCT_NAME = EmojiArt;
				SDKROOT = iphoneos;
				SWIFT_VERSION = 5.0;
				TARGETED_DEVICE_FAMILY = "1,2";
				VALIDATE_PRODUCT = YES;
			};
			name = Release;
		};
		E4A0FD0226F7B0CB00AE33FD /* Debug */ = {
			isa = XCBuildConfiguration;
			buildSettings = {
				ASSETCATALOG_COMPILER_APPICON_NAME = AppIcon;
				ASSETCATALOG_COMPILER_GLOBAL_ACCENT_COLOR_NAME = AccentColor;
				CODE_SIGN_ENTITLEMENTS = macOS/macOS.entitlements;
				CODE_SIGN_STYLE = Automatic;
				COMBINE_HIDPI_IMAGES = YES;
				DEVELOPMENT_TEAM = R2S4TKF2UY;
				ENABLE_HARDENED_RUNTIME = YES;
				ENABLE_PREVIEWS = YES;
				INFOPLIST_FILE = macOS/Info.plist;
				LD_RUNPATH_SEARCH_PATHS = (
					"$(inherited)",
					"@executable_path/../Frameworks",
				);
				MACOSX_DEPLOYMENT_TARGET = 11.0;
				PRODUCT_BUNDLE_IDENTIFIER = yaanvar.EmojiArt;
				PRODUCT_NAME = EmojiArt;
				SDKROOT = macosx;
				SWIFT_VERSION = 5.0;
			};
			name = Debug;
		};
		E4A0FD0326F7B0CB00AE33FD /* Release */ = {
			isa = XCBuildConfiguration;
			buildSettings = {
				ASSETCATALOG_COMPILER_APPICON_NAME = AppIcon;
				ASSETCATALOG_COMPILER_GLOBAL_ACCENT_COLOR_NAME = AccentColor;
				CODE_SIGN_ENTITLEMENTS = macOS/macOS.entitlements;
				CODE_SIGN_STYLE = Automatic;
				COMBINE_HIDPI_IMAGES = YES;
				DEVELOPMENT_TEAM = R2S4TKF2UY;
				ENABLE_HARDENED_RUNTIME = YES;
				ENABLE_PREVIEWS = YES;
				INFOPLIST_FILE = macOS/Info.plist;
				LD_RUNPATH_SEARCH_PATHS = (
					"$(inherited)",
					"@executable_path/../Frameworks",
				);
				MACOSX_DEPLOYMENT_TARGET = 11.0;
				PRODUCT_BUNDLE_IDENTIFIER = yaanvar.EmojiArt;
				PRODUCT_NAME = EmojiArt;
				SDKROOT = macosx;
				SWIFT_VERSION = 5.0;
			};
			name = Release;
		};
/* End XCBuildConfiguration section */

/* Begin XCConfigurationList section */
		E4A0FCDE26F7B0CA00AE33FD /* Build configuration list for PBXProject "EmojiArt" */ = {
			isa = XCConfigurationList;
			buildConfigurations = (
				E4A0FCFC26F7B0CB00AE33FD /* Debug */,
				E4A0FCFD26F7B0CB00AE33FD /* Release */,
			);
			defaultConfigurationIsVisible = 0;
			defaultConfigurationName = Release;
		};
		E4A0FCFE26F7B0CB00AE33FD /* Build configuration list for PBXNativeTarget "EmojiArt (iOS)" */ = {
			isa = XCConfigurationList;
			buildConfigurations = (
				E4A0FCFF26F7B0CB00AE33FD /* Debug */,
				E4A0FD0026F7B0CB00AE33FD /* Release */,
			);
			defaultConfigurationIsVisible = 0;
			defaultConfigurationName = Release;
		};
		E4A0FD0126F7B0CB00AE33FD /* Build configuration list for PBXNativeTarget "EmojiArt (macOS)" */ = {
			isa = XCConfigurationList;
			buildConfigurations = (
				E4A0FD0226F7B0CB00AE33FD /* Debug */,
				E4A0FD0326F7B0CB00AE33FD /* Release */,
			);
			defaultConfigurationIsVisible = 0;
			defaultConfigurationName = Release;
		};
/* End XCConfigurationList section */
	};
	rootObject = E4A0FCDB26F7B0CA00AE33FD /* Project object */;
}
