// !$*UTF8*$!
{
	archiveVersion = 1;
	classes = {
	};
	objectVersion = 55;
	objects = {

/* Begin PBXBuildFile section */
		E419901A2815381A00F29780 /* AppDelegate.swift in Sources */ = {isa = PBXBuildFile; fileRef = E41990192815381A00F29780 /* AppDelegate.swift */; };
		E419901C2815381A00F29780 /* SceneDelegate.swift in Sources */ = {isa = PBXBuildFile; fileRef = E419901B2815381A00F29780 /* SceneDelegate.swift */; };
		E419901E2815381A00F29780 /* CharacterListViewController.swift in Sources */ = {isa = PBXBuildFile; fileRef = E419901D2815381A00F29780 /* CharacterListViewController.swift */; };
		E41990212815381A00F29780 /* Main.storyboard in Resources */ = {isa = PBXBuildFile; fileRef = E419901F2815381A00F29780 /* Main.storyboard */; };
		E41990232815381D00F29780 /* Assets.xcassets in Resources */ = {isa = PBXBuildFile; fileRef = E41990222815381D00F29780 /* Assets.xcassets */; };
		E41990262815381D00F29780 /* LaunchScreen.storyboard in Resources */ = {isa = PBXBuildFile; fileRef = E41990242815381D00F29780 /* LaunchScreen.storyboard */; };
		E419902E28153B3F00F29780 /* CharacterDetailViewController.swift in Sources */ = {isa = PBXBuildFile; fileRef = E419902D28153B3F00F29780 /* CharacterDetailViewController.swift */; };
		E419903128153B6400F29780 /* CharacterTableViewCell.swift in Sources */ = {isa = PBXBuildFile; fileRef = E419902F28153B6400F29780 /* CharacterTableViewCell.swift */; };
		E419903228153B6400F29780 /* CharacterTableViewCell.xib in Resources */ = {isa = PBXBuildFile; fileRef = E419903028153B6400F29780 /* CharacterTableViewCell.xib */; };
		E419903A28153EB900F29780 /* Extensions.swift in Sources */ = {isa = PBXBuildFile; fileRef = E419903928153EB900F29780 /* Extensions.swift */; };
		E419903E2815421F00F29780 /* APIResponse.swift in Sources */ = {isa = PBXBuildFile; fileRef = E419903D2815421F00F29780 /* APIResponse.swift */; };
		E41990402815422B00F29780 /* Character.swift in Sources */ = {isa = PBXBuildFile; fileRef = E419903F2815422B00F29780 /* Character.swift */; };
		E41990422815452E00F29780 /* APICaller.swift in Sources */ = {isa = PBXBuildFile; fileRef = E41990412815452E00F29780 /* APICaller.swift */; };
/* End PBXBuildFile section */

/* Begin PBXFileReference section */
		E41990162815381A00F29780 /* Rick and Morty.app */ = {isa = PBXFileReference; explicitFileType = wrapper.application; includeInIndex = 0; path = "Rick and Morty.app"; sourceTree = BUILT_PRODUCTS_DIR; };
		E41990192815381A00F29780 /* AppDelegate.swift */ = {isa = PBXFileReference; lastKnownFileType = sourcecode.swift; path = AppDelegate.swift; sourceTree = "<group>"; };
		E419901B2815381A00F29780 /* SceneDelegate.swift */ = {isa = PBXFileReference; lastKnownFileType = sourcecode.swift; path = SceneDelegate.swift; sourceTree = "<group>"; };
		E419901D2815381A00F29780 /* CharacterListViewController.swift */ = {isa = PBXFileReference; lastKnownFileType = sourcecode.swift; path = CharacterListViewController.swift; sourceTree = "<group>"; };
		E41990202815381A00F29780 /* Base */ = {isa = PBXFileReference; lastKnownFileType = file.storyboard; name = Base; path = Base.lproj/Main.storyboard; sourceTree = "<group>"; };
		E41990222815381D00F29780 /* Assets.xcassets */ = {isa = PBXFileReference; lastKnownFileType = folder.assetcatalog; path = Assets.xcassets; sourceTree = "<group>"; };
		E41990252815381D00F29780 /* Base */ = {isa = PBXFileReference; lastKnownFileType = file.storyboard; name = Base; path = Base.lproj/LaunchScreen.storyboard; sourceTree = "<group>"; };
		E41990272815381D00F29780 /* Info.plist */ = {isa = PBXFileReference; lastKnownFileType = text.plist.xml; path = Info.plist; sourceTree = "<group>"; };
		E419902D28153B3F00F29780 /* CharacterDetailViewController.swift */ = {isa = PBXFileReference; lastKnownFileType = sourcecode.swift; path = CharacterDetailViewController.swift; sourceTree = "<group>"; };
		E419902F28153B6400F29780 /* CharacterTableViewCell.swift */ = {isa = PBXFileReference; lastKnownFileType = sourcecode.swift; path = CharacterTableViewCell.swift; sourceTree = "<group>"; };
		E419903028153B6400F29780 /* CharacterTableViewCell.xib */ = {isa = PBXFileReference; lastKnownFileType = file.xib; path = CharacterTableViewCell.xib; sourceTree = "<group>"; };
		E419903928153EB900F29780 /* Extensions.swift */ = {isa = PBXFileReference; lastKnownFileType = sourcecode.swift; path = Extensions.swift; sourceTree = "<group>"; };
		E419903D2815421F00F29780 /* APIResponse.swift */ = {isa = PBXFileReference; lastKnownFileType = sourcecode.swift; path = APIResponse.swift; sourceTree = "<group>"; };
		E419903F2815422B00F29780 /* Character.swift */ = {isa = PBXFileReference; lastKnownFileType = sourcecode.swift; path = Character.swift; sourceTree = "<group>"; };
		E41990412815452E00F29780 /* APICaller.swift */ = {isa = PBXFileReference; lastKnownFileType = sourcecode.swift; path = APICaller.swift; sourceTree = "<group>"; };
/* End PBXFileReference section */

/* Begin PBXFrameworksBuildPhase section */
		E41990132815381A00F29780 /* Frameworks */ = {
			isa = PBXFrameworksBuildPhase;
			buildActionMask = 2147483647;
			files = (
			);
			runOnlyForDeploymentPostprocessing = 0;
		};
/* End PBXFrameworksBuildPhase section */

/* Begin PBXGroup section */
		E419900D2815381A00F29780 = {
			isa = PBXGroup;
			children = (
				E41990182815381A00F29780 /* Rick and Morty */,
				E41990172815381A00F29780 /* Products */,
			);
			sourceTree = "<group>";
		};
		E41990172815381A00F29780 /* Products */ = {
			isa = PBXGroup;
			children = (
				E41990162815381A00F29780 /* Rick and Morty.app */,
			);
			name = Products;
			sourceTree = "<group>";
		};
		E41990182815381A00F29780 /* Rick and Morty */ = {
			isa = PBXGroup;
			children = (
				E41990192815381A00F29780 /* AppDelegate.swift */,
				E419901B2815381A00F29780 /* SceneDelegate.swift */,
				E41990272815381D00F29780 /* Info.plist */,
				E419903428153BCB00F29780 /* Modules */,
			);
			path = "Rick and Morty";
			sourceTree = "<group>";
		};
		E419903328153B6E00F29780 /* Resources */ = {
			isa = PBXGroup;
			children = (
				E419903928153EB900F29780 /* Extensions.swift */,
			);
			path = Resources;
			sourceTree = "<group>";
		};
		E419903428153BCB00F29780 /* Modules */ = {
			isa = PBXGroup;
			children = (
				E419903B281541C200F29780 /* Model */,
				E419903C281541CF00F29780 /* ViewController */,
				E419903528153C0500F29780 /* CharacterCell */,
				E419903628153C1F00F29780 /* View */,
				E419903328153B6E00F29780 /* Resources */,
			);
			path = Modules;
			sourceTree = "<group>";
		};
		E419903528153C0500F29780 /* CharacterCell */ = {
			isa = PBXGroup;
			children = (
				E419902F28153B6400F29780 /* CharacterTableViewCell.swift */,
				E419903028153B6400F29780 /* CharacterTableViewCell.xib */,
			);
			path = CharacterCell;
			sourceTree = "<group>";
		};
		E419903628153C1F00F29780 /* View */ = {
			isa = PBXGroup;
			children = (
				E41990242815381D00F29780 /* LaunchScreen.storyboard */,
				E419901F2815381A00F29780 /* Main.storyboard */,
				E41990222815381D00F29780 /* Assets.xcassets */,
			);
			path = View;
			sourceTree = "<group>";
		};
		E419903B281541C200F29780 /* Model */ = {
			isa = PBXGroup;
			children = (
				E41990412815452E00F29780 /* APICaller.swift */,
				E419903D2815421F00F29780 /* APIResponse.swift */,
				E419903F2815422B00F29780 /* Character.swift */,
			);
			path = Model;
			sourceTree = "<group>";
		};
		E419903C281541CF00F29780 /* ViewController */ = {
			isa = PBXGroup;
			children = (
				E419901D2815381A00F29780 /* CharacterListViewController.swift */,
				E419902D28153B3F00F29780 /* CharacterDetailViewController.swift */,
			);
			path = ViewController;
			sourceTree = "<group>";
		};
/* End PBXGroup section */

/* Begin PBXNativeTarget section */
		E41990152815381A00F29780 /* Rick and Morty */ = {
			isa = PBXNativeTarget;
			buildConfigurationList = E419902A2815381D00F29780 /* Build configuration list for PBXNativeTarget "Rick and Morty" */;
			buildPhases = (
				E41990122815381A00F29780 /* Sources */,
				E41990132815381A00F29780 /* Frameworks */,
				E41990142815381A00F29780 /* Resources */,
			);
			buildRules = (
			);
			dependencies = (
			);
			name = "Rick and Morty";
			productName = "Rick and Morty";
			productReference = E41990162815381A00F29780 /* Rick and Morty.app */;
			productType = "com.apple.product-type.application";
		};
/* End PBXNativeTarget section */

/* Begin PBXProject section */
		E419900E2815381A00F29780 /* Project object */ = {
			isa = PBXProject;
			attributes = {
				BuildIndependentTargetsInParallel = 1;
				LastSwiftUpdateCheck = 1330;
				LastUpgradeCheck = 1330;
				TargetAttributes = {
					E41990152815381A00F29780 = {
						CreatedOnToolsVersion = 13.3.1;
					};
				};
			};
			buildConfigurationList = E41990112815381A00F29780 /* Build configuration list for PBXProject "Rick and Morty" */;
			compatibilityVersion = "Xcode 13.0";
			developmentRegion = en;
			hasScannedForEncodings = 0;
			knownRegions = (
				en,
				Base,
			);
			mainGroup = E419900D2815381A00F29780;
			productRefGroup = E41990172815381A00F29780 /* Products */;
			projectDirPath = "";
			projectRoot = "";
			targets = (
				E41990152815381A00F29780 /* Rick and Morty */,
			);
		};
/* End PBXProject section */

/* Begin PBXResourcesBuildPhase section */
		E41990142815381A00F29780 /* Resources */ = {
			isa = PBXResourcesBuildPhase;
			buildActionMask = 2147483647;
			files = (
				E41990262815381D00F29780 /* LaunchScreen.storyboard in Resources */,
				E41990232815381D00F29780 /* Assets.xcassets in Resources */,
				E41990212815381A00F29780 /* Main.storyboard in Resources */,
				E419903228153B6400F29780 /* CharacterTableViewCell.xib in Resources */,
			);
			runOnlyForDeploymentPostprocessing = 0;
		};
/* End PBXResourcesBuildPhase section */

/* Begin PBXSourcesBuildPhase section */
		E41990122815381A00F29780 /* Sources */ = {
			isa = PBXSourcesBuildPhase;
			buildActionMask = 2147483647;
			files = (
				E419901E2815381A00F29780 /* CharacterListViewController.swift in Sources */,
				E419903E2815421F00F29780 /* APIResponse.swift in Sources */,
				E419903A28153EB900F29780 /* Extensions.swift in Sources */,
				E419902E28153B3F00F29780 /* CharacterDetailViewController.swift in Sources */,
				E41990422815452E00F29780 /* APICaller.swift in Sources */,
				E419903128153B6400F29780 /* CharacterTableViewCell.swift in Sources */,
				E419901A2815381A00F29780 /* AppDelegate.swift in Sources */,
				E419901C2815381A00F29780 /* SceneDelegate.swift in Sources */,
				E41990402815422B00F29780 /* Character.swift in Sources */,
			);
			runOnlyForDeploymentPostprocessing = 0;
		};
/* End PBXSourcesBuildPhase section */

/* Begin PBXVariantGroup section */
		E419901F2815381A00F29780 /* Main.storyboard */ = {
			isa = PBXVariantGroup;
			children = (
				E41990202815381A00F29780 /* Base */,
			);
			name = Main.storyboard;
			sourceTree = "<group>";
		};
		E41990242815381D00F29780 /* LaunchScreen.storyboard */ = {
			isa = PBXVariantGroup;
			children = (
				E41990252815381D00F29780 /* Base */,
			);
			name = LaunchScreen.storyboard;
			sourceTree = "<group>";
		};
/* End PBXVariantGroup section */

/* Begin XCBuildConfiguration section */
		E41990282815381D00F29780 /* Debug */ = {
			isa = XCBuildConfiguration;
			buildSettings = {
				ALWAYS_SEARCH_USER_PATHS = NO;
				CLANG_ANALYZER_NONNULL = YES;
				CLANG_ANALYZER_NUMBER_OBJECT_CONVERSION = YES_AGGRESSIVE;
				CLANG_CXX_LANGUAGE_STANDARD = "gnu++17";
				CLANG_ENABLE_MODULES = YES;
				CLANG_ENABLE_OBJC_ARC = YES;
				CLANG_ENABLE_OBJC_WEAK = YES;
				CLANG_WARN_BLOCK_CAPTURE_AUTORELEASING = YES;
				CLANG_WARN_BOOL_CONVERSION = YES;
				CLANG_WARN_COMMA = YES;
				CLANG_WARN_CONSTANT_CONVERSION = YES;
				CLANG_WARN_DEPRECATED_OBJC_IMPLEMENTATIONS = YES;
				CLANG_WARN_DIRECT_OBJC_ISA_USAGE = YES_ERROR;
				CLANG_WARN_DOCUMENTATION_COMMENTS = YES;
				CLANG_WARN_EMPTY_BODY = YES;
				CLANG_WARN_ENUM_CONVERSION = YES;
				CLANG_WARN_INFINITE_RECURSION = YES;
				CLANG_WARN_INT_CONVERSION = YES;
				CLANG_WARN_NON_LITERAL_NULL_CONVERSION = YES;
				CLANG_WARN_OBJC_IMPLICIT_RETAIN_SELF = YES;
				CLANG_WARN_OBJC_LITERAL_CONVERSION = YES;
				CLANG_WARN_OBJC_ROOT_CLASS = YES_ERROR;
				CLANG_WARN_QUOTED_INCLUDE_IN_FRAMEWORK_HEADER = YES;
				CLANG_WARN_RANGE_LOOP_ANALYSIS = YES;
				CLANG_WARN_STRICT_PROTOTYPES = YES;
				CLANG_WARN_SUSPICIOUS_MOVE = YES;
				CLANG_WARN_UNGUARDED_AVAILABILITY = YES_AGGRESSIVE;
				CLANG_WARN_UNREACHABLE_CODE = YES;
				CLANG_WARN__DUPLICATE_METHOD_MATCH = YES;
				COPY_PHASE_STRIP = NO;
				DEBUG_INFORMATION_FORMAT = dwarf;
				ENABLE_STRICT_OBJC_MSGSEND = YES;
				ENABLE_TESTABILITY = YES;
				GCC_C_LANGUAGE_STANDARD = gnu11;
				GCC_DYNAMIC_NO_PIC = NO;
				GCC_NO_COMMON_BLOCKS = YES;
				GCC_OPTIMIZATION_LEVEL = 0;
				GCC_PREPROCESSOR_DEFINITIONS = (
					"DEBUG=1",
					"$(inherited)",
				);
				GCC_WARN_64_TO_32_BIT_CONVERSION = YES;
				GCC_WARN_ABOUT_RETURN_TYPE = YES_ERROR;
				GCC_WARN_UNDECLARED_SELECTOR = YES;
				GCC_WARN_UNINITIALIZED_AUTOS = YES_AGGRESSIVE;
				GCC_WARN_UNUSED_FUNCTION = YES;
				GCC_WARN_UNUSED_VARIABLE = YES;
				IPHONEOS_DEPLOYMENT_TARGET = 15.4;
				MTL_ENABLE_DEBUG_INFO = INCLUDE_SOURCE;
				MTL_FAST_MATH = YES;
				ONLY_ACTIVE_ARCH = YES;
				SDKROOT = iphoneos;
				SWIFT_ACTIVE_COMPILATION_CONDITIONS = DEBUG;
				SWIFT_OPTIMIZATION_LEVEL = "-Onone";
			};
			name = Debug;
		};
		E41990292815381D00F29780 /* Release */ = {
			isa = XCBuildConfiguration;
			buildSettings = {
				ALWAYS_SEARCH_USER_PATHS = NO;
				CLANG_ANALYZER_NONNULL = YES;
				CLANG_ANALYZER_NUMBER_OBJECT_CONVERSION = YES_AGGRESSIVE;
				CLANG_CXX_LANGUAGE_STANDARD = "gnu++17";
				CLANG_ENABLE_MODULES = YES;
				CLANG_ENABLE_OBJC_ARC = YES;
				CLANG_ENABLE_OBJC_WEAK = YES;
				CLANG_WARN_BLOCK_CAPTURE_AUTORELEASING = YES;
				CLANG_WARN_BOOL_CONVERSION = YES;
				CLANG_WARN_COMMA = YES;
				CLANG_WARN_CONSTANT_CONVERSION = YES;
				CLANG_WARN_DEPRECATED_OBJC_IMPLEMENTATIONS = YES;
				CLANG_WARN_DIRECT_OBJC_ISA_USAGE = YES_ERROR;
				CLANG_WARN_DOCUMENTATION_COMMENTS = YES;
				CLANG_WARN_EMPTY_BODY = YES;
				CLANG_WARN_ENUM_CONVERSION = YES;
				CLANG_WARN_INFINITE_RECURSION = YES;
				CLANG_WARN_INT_CONVERSION = YES;
				CLANG_WARN_NON_LITERAL_NULL_CONVERSION = YES;
				CLANG_WARN_OBJC_IMPLICIT_RETAIN_SELF = YES;
				CLANG_WARN_OBJC_LITERAL_CONVERSION = YES;
				CLANG_WARN_OBJC_ROOT_CLASS = YES_ERROR;
				CLANG_WARN_QUOTED_INCLUDE_IN_FRAMEWORK_HEADER = YES;
				CLANG_WARN_RANGE_LOOP_ANALYSIS = YES;
				CLANG_WARN_STRICT_PROTOTYPES = YES;
				CLANG_WARN_SUSPICIOUS_MOVE = YES;
				CLANG_WARN_UNGUARDED_AVAILABILITY = YES_AGGRESSIVE;
				CLANG_WARN_UNREACHABLE_CODE = YES;
				CLANG_WARN__DUPLICATE_METHOD_MATCH = YES;
				COPY_PHASE_STRIP = NO;
				DEBUG_INFORMATION_FORMAT = "dwarf-with-dsym";
				ENABLE_NS_ASSERTIONS = NO;
				ENABLE_STRICT_OBJC_MSGSEND = YES;
				GCC_C_LANGUAGE_STANDARD = gnu11;
				GCC_NO_COMMON_BLOCKS = YES;
				GCC_WARN_64_TO_32_BIT_CONVERSION = YES;
				GCC_WARN_ABOUT_RETURN_TYPE = YES_ERROR;
				GCC_WARN_UNDECLARED_SELECTOR = YES;
				GCC_WARN_UNINITIALIZED_AUTOS = YES_AGGRESSIVE;
				GCC_WARN_UNUSED_FUNCTION = YES;
				GCC_WARN_UNUSED_VARIABLE = YES;
				IPHONEOS_DEPLOYMENT_TARGET = 15.4;
				MTL_ENABLE_DEBUG_INFO = NO;
				MTL_FAST_MATH = YES;
				SDKROOT = iphoneos;
				SWIFT_COMPILATION_MODE = wholemodule;
				SWIFT_OPTIMIZATION_LEVEL = "-O";
				VALIDATE_PRODUCT = YES;
			};
			name = Release;
		};
		E419902B2815381D00F29780 /* Debug */ = {
			isa = XCBuildConfiguration;
			buildSettings = {
				ASSETCATALOG_COMPILER_APPICON_NAME = AppIcon;
				ASSETCATALOG_COMPILER_GLOBAL_ACCENT_COLOR_NAME = AccentColor;
				CODE_SIGN_STYLE = Automatic;
				CURRENT_PROJECT_VERSION = 1;
				DEVELOPMENT_TEAM = R2S4TKF2UY;
				GENERATE_INFOPLIST_FILE = YES;
				INFOPLIST_FILE = "Rick and Morty/Info.plist";
				INFOPLIST_KEY_UIApplicationSupportsIndirectInputEvents = YES;
				INFOPLIST_KEY_UILaunchStoryboardName = LaunchScreen;
				INFOPLIST_KEY_UIMainStoryboardFile = Main;
				INFOPLIST_KEY_UISupportedInterfaceOrientations_iPad = "UIInterfaceOrientationPortrait UIInterfaceOrientationPortraitUpsideDown UIInterfaceOrientationLandscapeLeft UIInterfaceOrientationLandscapeRight";
				INFOPLIST_KEY_UISupportedInterfaceOrientations_iPhone = "UIInterfaceOrientationPortrait UIInterfaceOrientationLandscapeLeft UIInterfaceOrientationLandscapeRight";
				LD_RUNPATH_SEARCH_PATHS = (
					"$(inherited)",
					"@executable_path/Frameworks",
				);
				MARKETING_VERSION = 1.0;
				PRODUCT_BUNDLE_IDENTIFIER = "yaanvar.Rick-and-Morty";
				PRODUCT_NAME = "$(TARGET_NAME)";
				SWIFT_EMIT_LOC_STRINGS = YES;
				SWIFT_VERSION = 5.0;
				TARGETED_DEVICE_FAMILY = "1,2";
			};
			name = Debug;
		};
		E419902C2815381D00F29780 /* Release */ = {
			isa = XCBuildConfiguration;
			buildSettings = {
				ASSETCATALOG_COMPILER_APPICON_NAME = AppIcon;
				ASSETCATALOG_COMPILER_GLOBAL_ACCENT_COLOR_NAME = AccentColor;
				CODE_SIGN_STYLE = Automatic;
				CURRENT_PROJECT_VERSION = 1;
				DEVELOPMENT_TEAM = R2S4TKF2UY;
				GENERATE_INFOPLIST_FILE = YES;
				INFOPLIST_FILE = "Rick and Morty/Info.plist";
				INFOPLIST_KEY_UIApplicationSupportsIndirectInputEvents = YES;
				INFOPLIST_KEY_UILaunchStoryboardName = LaunchScreen;
				INFOPLIST_KEY_UIMainStoryboardFile = Main;
				INFOPLIST_KEY_UISupportedInterfaceOrientations_iPad = "UIInterfaceOrientationPortrait UIInterfaceOrientationPortraitUpsideDown UIInterfaceOrientationLandscapeLeft UIInterfaceOrientationLandscapeRight";
				INFOPLIST_KEY_UISupportedInterfaceOrientations_iPhone = "UIInterfaceOrientationPortrait UIInterfaceOrientationLandscapeLeft UIInterfaceOrientationLandscapeRight";
				LD_RUNPATH_SEARCH_PATHS = (
					"$(inherited)",
					"@executable_path/Frameworks",
				);
				MARKETING_VERSION = 1.0;
				PRODUCT_BUNDLE_IDENTIFIER = "yaanvar.Rick-and-Morty";
				PRODUCT_NAME = "$(TARGET_NAME)";
				SWIFT_EMIT_LOC_STRINGS = YES;
				SWIFT_VERSION = 5.0;
				TARGETED_DEVICE_FAMILY = "1,2";
			};
			name = Release;
		};
/* End XCBuildConfiguration section */

/* Begin XCConfigurationList section */
		E41990112815381A00F29780 /* Build configuration list for PBXProject "Rick and Morty" */ = {
			isa = XCConfigurationList;
			buildConfigurations = (
				E41990282815381D00F29780 /* Debug */,
				E41990292815381D00F29780 /* Release */,
			);
			defaultConfigurationIsVisible = 0;
			defaultConfigurationName = Release;
		};
		E419902A2815381D00F29780 /* Build configuration list for PBXNativeTarget "Rick and Morty" */ = {
			isa = XCConfigurationList;
			buildConfigurations = (
				E419902B2815381D00F29780 /* Debug */,
				E419902C2815381D00F29780 /* Release */,
			);
			defaultConfigurationIsVisible = 0;
			defaultConfigurationName = Release;
		};
/* End XCConfigurationList section */
	};
	rootObject = E419900E2815381A00F29780 /* Project object */;
}
