// !$*UTF8*$!
{
	archiveVersion = 1;
	classes = {
	};
	objectVersion = 55;
	objects = {

/* Begin PBXBuildFile section */
		180C63DA27D129830062B61B /* TargetViewController.swift in Sources */ = {isa = PBXBuildFile; fileRef = 180C63D927D129830062B61B /* TargetViewController.swift */; };
		1890751B27CD3F0600BD2A19 /* AppDelegate.swift in Sources */ = {isa = PBXBuildFile; fileRef = 1890751A27CD3F0600BD2A19 /* AppDelegate.swift */; };
		1890751F27CD3F0600BD2A19 /* RootViewController.swift in Sources */ = {isa = PBXBuildFile; fileRef = 1890751E27CD3F0600BD2A19 /* RootViewController.swift */; };
		1890752427CD3F0800BD2A19 /* Assets.xcassets in Resources */ = {isa = PBXBuildFile; fileRef = 1890752327CD3F0800BD2A19 /* Assets.xcassets */; };
		1890752727CD3F0800BD2A19 /* LaunchScreen.storyboard in Resources */ = {isa = PBXBuildFile; fileRef = 1890752527CD3F0800BD2A19 /* LaunchScreen.storyboard */; };
		1890753127CD417200BD2A19 /* Country.swift in Sources */ = {isa = PBXBuildFile; fileRef = 1890753027CD417200BD2A19 /* Country.swift */; };
		1890753627CD41F200BD2A19 /* CityTableViewCell.swift in Sources */ = {isa = PBXBuildFile; fileRef = 1890753427CD41F200BD2A19 /* CityTableViewCell.swift */; };
		1890753727CD41F200BD2A19 /* CityTableViewCell.xib in Resources */ = {isa = PBXBuildFile; fileRef = 1890753527CD41F200BD2A19 /* CityTableViewCell.xib */; };
/* End PBXBuildFile section */

/* Begin PBXFileReference section */
		180C63D927D129830062B61B /* TargetViewController.swift */ = {isa = PBXFileReference; fileEncoding = 4; lastKnownFileType = sourcecode.swift; path = TargetViewController.swift; sourceTree = "<group>"; };
		1890751727CD3F0600BD2A19 /* TFS UITableView & Navigation.app */ = {isa = PBXFileReference; explicitFileType = wrapper.application; includeInIndex = 0; path = "TFS UITableView & Navigation.app"; sourceTree = BUILT_PRODUCTS_DIR; };
		1890751A27CD3F0600BD2A19 /* AppDelegate.swift */ = {isa = PBXFileReference; lastKnownFileType = sourcecode.swift; path = AppDelegate.swift; sourceTree = "<group>"; };
		1890751E27CD3F0600BD2A19 /* RootViewController.swift */ = {isa = PBXFileReference; lastKnownFileType = sourcecode.swift; path = RootViewController.swift; sourceTree = "<group>"; };
		1890752327CD3F0800BD2A19 /* Assets.xcassets */ = {isa = PBXFileReference; lastKnownFileType = folder.assetcatalog; path = Assets.xcassets; sourceTree = "<group>"; };
		1890752627CD3F0800BD2A19 /* Base */ = {isa = PBXFileReference; lastKnownFileType = file.storyboard; name = Base; path = Base.lproj/LaunchScreen.storyboard; sourceTree = "<group>"; };
		1890753027CD417200BD2A19 /* Country.swift */ = {isa = PBXFileReference; lastKnownFileType = sourcecode.swift; path = Country.swift; sourceTree = "<group>"; };
		1890753427CD41F200BD2A19 /* CityTableViewCell.swift */ = {isa = PBXFileReference; lastKnownFileType = sourcecode.swift; path = CityTableViewCell.swift; sourceTree = "<group>"; };
		1890753527CD41F200BD2A19 /* CityTableViewCell.xib */ = {isa = PBXFileReference; lastKnownFileType = file.xib; path = CityTableViewCell.xib; sourceTree = "<group>"; };
/* End PBXFileReference section */

/* Begin PBXFrameworksBuildPhase section */
		1890751427CD3F0600BD2A19 /* Frameworks */ = {
			isa = PBXFrameworksBuildPhase;
			buildActionMask = 2147483647;
			files = (
			);
			runOnlyForDeploymentPostprocessing = 0;
		};
/* End PBXFrameworksBuildPhase section */

/* Begin PBXGroup section */
		1890750E27CD3F0600BD2A19 = {
			isa = PBXGroup;
			children = (
				1890751927CD3F0600BD2A19 /* TFS UITableView & Navigation */,
				1890751827CD3F0600BD2A19 /* Products */,
			);
			sourceTree = "<group>";
		};
		1890751827CD3F0600BD2A19 /* Products */ = {
			isa = PBXGroup;
			children = (
				1890751727CD3F0600BD2A19 /* TFS UITableView & Navigation.app */,
			);
			name = Products;
			sourceTree = "<group>";
		};
		1890751927CD3F0600BD2A19 /* TFS UITableView & Navigation */ = {
			isa = PBXGroup;
			children = (
				1890751A27CD3F0600BD2A19 /* AppDelegate.swift */,
				1890752F27CD3FAD00BD2A19 /* Modules */,
				1890752E27CD3F7200BD2A19 /* Resources */,
			);
			path = "TFS UITableView & Navigation";
			sourceTree = "<group>";
		};
		1890752E27CD3F7200BD2A19 /* Resources */ = {
			isa = PBXGroup;
			children = (
				1890752527CD3F0800BD2A19 /* LaunchScreen.storyboard */,
				1890752327CD3F0800BD2A19 /* Assets.xcassets */,
			);
			path = Resources;
			sourceTree = "<group>";
		};
		1890752F27CD3FAD00BD2A19 /* Modules */ = {
			isa = PBXGroup;
			children = (
				1890753027CD417200BD2A19 /* Country.swift */,
				1890751E27CD3F0600BD2A19 /* RootViewController.swift */,
				180C63D927D129830062B61B /* TargetViewController.swift */,
				1890753827CD41F700BD2A19 /* Cells */,
			);
			path = Modules;
			sourceTree = "<group>";
		};
		1890753827CD41F700BD2A19 /* Cells */ = {
			isa = PBXGroup;
			children = (
				1890753427CD41F200BD2A19 /* CityTableViewCell.swift */,
				1890753527CD41F200BD2A19 /* CityTableViewCell.xib */,
			);
			path = Cells;
			sourceTree = "<group>";
		};
/* End PBXGroup section */

/* Begin PBXNativeTarget section */
		1890751627CD3F0600BD2A19 /* TFS UITableView & Navigation */ = {
			isa = PBXNativeTarget;
			buildConfigurationList = 1890752B27CD3F0800BD2A19 /* Build configuration list for PBXNativeTarget "TFS UITableView & Navigation" */;
			buildPhases = (
				1890751327CD3F0600BD2A19 /* Sources */,
				1890751427CD3F0600BD2A19 /* Frameworks */,
				1890751527CD3F0600BD2A19 /* Resources */,
			);
			buildRules = (
			);
			dependencies = (
			);
			name = "TFS UITableView & Navigation";
			productName = "TFS UITableView & Navigation";
			productReference = 1890751727CD3F0600BD2A19 /* TFS UITableView & Navigation.app */;
			productType = "com.apple.product-type.application";
		};
/* End PBXNativeTarget section */

/* Begin PBXProject section */
		1890750F27CD3F0600BD2A19 /* Project object */ = {
			isa = PBXProject;
			attributes = {
				BuildIndependentTargetsInParallel = 1;
				LastSwiftUpdateCheck = 1320;
				LastUpgradeCheck = 1320;
				TargetAttributes = {
					1890751627CD3F0600BD2A19 = {
						CreatedOnToolsVersion = 13.2.1;
					};
				};
			};
			buildConfigurationList = 1890751227CD3F0600BD2A19 /* Build configuration list for PBXProject "TFS UITableView & Navigation" */;
			compatibilityVersion = "Xcode 13.0";
			developmentRegion = en;
			hasScannedForEncodings = 0;
			knownRegions = (
				en,
				Base,
			);
			mainGroup = 1890750E27CD3F0600BD2A19;
			productRefGroup = 1890751827CD3F0600BD2A19 /* Products */;
			projectDirPath = "";
			projectRoot = "";
			targets = (
				1890751627CD3F0600BD2A19 /* TFS UITableView & Navigation */,
			);
		};
/* End PBXProject section */

/* Begin PBXResourcesBuildPhase section */
		1890751527CD3F0600BD2A19 /* Resources */ = {
			isa = PBXResourcesBuildPhase;
			buildActionMask = 2147483647;
			files = (
				1890752727CD3F0800BD2A19 /* LaunchScreen.storyboard in Resources */,
				1890753727CD41F200BD2A19 /* CityTableViewCell.xib in Resources */,
				1890752427CD3F0800BD2A19 /* Assets.xcassets in Resources */,
			);
			runOnlyForDeploymentPostprocessing = 0;
		};
/* End PBXResourcesBuildPhase section */

/* Begin PBXSourcesBuildPhase section */
		1890751327CD3F0600BD2A19 /* Sources */ = {
			isa = PBXSourcesBuildPhase;
			buildActionMask = 2147483647;
			files = (
				1890751F27CD3F0600BD2A19 /* RootViewController.swift in Sources */,
				180C63DA27D129830062B61B /* TargetViewController.swift in Sources */,
				1890753127CD417200BD2A19 /* Country.swift in Sources */,
				1890753627CD41F200BD2A19 /* CityTableViewCell.swift in Sources */,
				1890751B27CD3F0600BD2A19 /* AppDelegate.swift in Sources */,
			);
			runOnlyForDeploymentPostprocessing = 0;
		};
/* End PBXSourcesBuildPhase section */

/* Begin PBXVariantGroup section */
		1890752527CD3F0800BD2A19 /* LaunchScreen.storyboard */ = {
			isa = PBXVariantGroup;
			children = (
				1890752627CD3F0800BD2A19 /* Base */,
			);
			name = LaunchScreen.storyboard;
			sourceTree = "<group>";
		};
/* End PBXVariantGroup section */

/* Begin XCBuildConfiguration section */
		1890752927CD3F0800BD2A19 /* Debug */ = {
			isa = XCBuildConfiguration;
			buildSettings = {
				ALWAYS_SEARCH_USER_PATHS = NO;
				CLANG_ANALYZER_NONNULL = YES;
				CLANG_ANALYZER_NUMBER_OBJECT_CONVERSION = YES_AGGRESSIVE;
				CLANG_CXX_LANGUAGE_STANDARD = "gnu++17";
				CLANG_CXX_LIBRARY = "libc++";
				CLANG_ENABLE_MODULES = YES;
				CLANG_ENABLE_OBJC_ARC = YES;
				CLANG_ENABLE_OBJC_WEAK = YES;
				CLANG_WARN_BLOCK_CAPTURE_AUTORELEASING = YES;
				CLANG_WARN_BOOL_CONVERSION = YES;
				CLANG_WARN_COMMA = YES;
				CLANG_WARN_CONSTANT_CONVERSION = YES;
				CLANG_WARN_DEPRECATED_OBJC_IMPLEMENTATIONS = YES;
				CLANG_WARN_DIRECT_OBJC_ISA_USAGE = YES_ERROR;
				CLANG_WARN_DOCUMENTATION_COMMENTS = YES;
				CLANG_WARN_EMPTY_BODY = YES;
				CLANG_WARN_ENUM_CONVERSION = YES;
				CLANG_WARN_INFINITE_RECURSION = YES;
				CLANG_WARN_INT_CONVERSION = YES;
				CLANG_WARN_NON_LITERAL_NULL_CONVERSION = YES;
				CLANG_WARN_OBJC_IMPLICIT_RETAIN_SELF = YES;
				CLANG_WARN_OBJC_LITERAL_CONVERSION = YES;
				CLANG_WARN_OBJC_ROOT_CLASS = YES_ERROR;
				CLANG_WARN_QUOTED_INCLUDE_IN_FRAMEWORK_HEADER = YES;
				CLANG_WARN_RANGE_LOOP_ANALYSIS = YES;
				CLANG_WARN_STRICT_PROTOTYPES = YES;
				CLANG_WARN_SUSPICIOUS_MOVE = YES;
				CLANG_WARN_UNGUARDED_AVAILABILITY = YES_AGGRESSIVE;
				CLANG_WARN_UNREACHABLE_CODE = YES;
				CLANG_WARN__DUPLICATE_METHOD_MATCH = YES;
				COPY_PHASE_STRIP = NO;
				DEBUG_INFORMATION_FORMAT = dwarf;
				ENABLE_STRICT_OBJC_MSGSEND = YES;
				ENABLE_TESTABILITY = YES;
				GCC_C_LANGUAGE_STANDARD = gnu11;
				GCC_DYNAMIC_NO_PIC = NO;
				GCC_NO_COMMON_BLOCKS = YES;
				GCC_OPTIMIZATION_LEVEL = 0;
				GCC_PREPROCESSOR_DEFINITIONS = (
					"DEBUG=1",
					"$(inherited)",
				);
				GCC_WARN_64_TO_32_BIT_CONVERSION = YES;
				GCC_WARN_ABOUT_RETURN_TYPE = YES_ERROR;
				GCC_WARN_UNDECLARED_SELECTOR = YES;
				GCC_WARN_UNINITIALIZED_AUTOS = YES_AGGRESSIVE;
				GCC_WARN_UNUSED_FUNCTION = YES;
				GCC_WARN_UNUSED_VARIABLE = YES;
				IPHONEOS_DEPLOYMENT_TARGET = 15.2;
				MTL_ENABLE_DEBUG_INFO = INCLUDE_SOURCE;
				MTL_FAST_MATH = YES;
				ONLY_ACTIVE_ARCH = YES;
				SDKROOT = iphoneos;
				SWIFT_ACTIVE_COMPILATION_CONDITIONS = DEBUG;
				SWIFT_OPTIMIZATION_LEVEL = "-Onone";
			};
			name = Debug;
		};
		1890752A27CD3F0800BD2A19 /* Release */ = {
			isa = XCBuildConfiguration;
			buildSettings = {
				ALWAYS_SEARCH_USER_PATHS = NO;
				CLANG_ANALYZER_NONNULL = YES;
				CLANG_ANALYZER_NUMBER_OBJECT_CONVERSION = YES_AGGRESSIVE;
				CLANG_CXX_LANGUAGE_STANDARD = "gnu++17";
				CLANG_CXX_LIBRARY = "libc++";
				CLANG_ENABLE_MODULES = YES;
				CLANG_ENABLE_OBJC_ARC = YES;
				CLANG_ENABLE_OBJC_WEAK = YES;
				CLANG_WARN_BLOCK_CAPTURE_AUTORELEASING = YES;
				CLANG_WARN_BOOL_CONVERSION = YES;
				CLANG_WARN_COMMA = YES;
				CLANG_WARN_CONSTANT_CONVERSION = YES;
				CLANG_WARN_DEPRECATED_OBJC_IMPLEMENTATIONS = YES;
				CLANG_WARN_DIRECT_OBJC_ISA_USAGE = YES_ERROR;
				CLANG_WARN_DOCUMENTATION_COMMENTS = YES;
				CLANG_WARN_EMPTY_BODY = YES;
				CLANG_WARN_ENUM_CONVERSION = YES;
				CLANG_WARN_INFINITE_RECURSION = YES;
				CLANG_WARN_INT_CONVERSION = YES;
				CLANG_WARN_NON_LITERAL_NULL_CONVERSION = YES;
				CLANG_WARN_OBJC_IMPLICIT_RETAIN_SELF = YES;
				CLANG_WARN_OBJC_LITERAL_CONVERSION = YES;
				CLANG_WARN_OBJC_ROOT_CLASS = YES_ERROR;
				CLANG_WARN_QUOTED_INCLUDE_IN_FRAMEWORK_HEADER = YES;
				CLANG_WARN_RANGE_LOOP_ANALYSIS = YES;
				CLANG_WARN_STRICT_PROTOTYPES = YES;
				CLANG_WARN_SUSPICIOUS_MOVE = YES;
				CLANG_WARN_UNGUARDED_AVAILABILITY = YES_AGGRESSIVE;
				CLANG_WARN_UNREACHABLE_CODE = YES;
				CLANG_WARN__DUPLICATE_METHOD_MATCH = YES;
				COPY_PHASE_STRIP = NO;
				DEBUG_INFORMATION_FORMAT = "dwarf-with-dsym";
				ENABLE_NS_ASSERTIONS = NO;
				ENABLE_STRICT_OBJC_MSGSEND = YES;
				GCC_C_LANGUAGE_STANDARD = gnu11;
				GCC_NO_COMMON_BLOCKS = YES;
				GCC_WARN_64_TO_32_BIT_CONVERSION = YES;
				GCC_WARN_ABOUT_RETURN_TYPE = YES_ERROR;
				GCC_WARN_UNDECLARED_SELECTOR = YES;
				GCC_WARN_UNINITIALIZED_AUTOS = YES_AGGRESSIVE;
				GCC_WARN_UNUSED_FUNCTION = YES;
				GCC_WARN_UNUSED_VARIABLE = YES;
				IPHONEOS_DEPLOYMENT_TARGET = 15.2;
				MTL_ENABLE_DEBUG_INFO = NO;
				MTL_FAST_MATH = YES;
				SDKROOT = iphoneos;
				SWIFT_COMPILATION_MODE = wholemodule;
				SWIFT_OPTIMIZATION_LEVEL = "-O";
				VALIDATE_PRODUCT = YES;
			};
			name = Release;
		};
		1890752C27CD3F0800BD2A19 /* Debug */ = {
			isa = XCBuildConfiguration;
			buildSettings = {
				ASSETCATALOG_COMPILER_APPICON_NAME = AppIcon;
				ASSETCATALOG_COMPILER_GLOBAL_ACCENT_COLOR_NAME = AccentColor;
				CODE_SIGN_STYLE = Automatic;
				CURRENT_PROJECT_VERSION = 1;
				DEVELOPMENT_TEAM = 8UNQZ8NSJN;
				GENERATE_INFOPLIST_FILE = YES;
				INFOPLIST_FILE = "TFS UITableView & Navigation/Info.plist";
				INFOPLIST_KEY_CFBundleDisplayName = Countries;
				INFOPLIST_KEY_UIApplicationSupportsIndirectInputEvents = YES;
				INFOPLIST_KEY_UILaunchStoryboardName = LaunchScreen;
				INFOPLIST_KEY_UISupportedInterfaceOrientations = UIInterfaceOrientationPortrait;
				INFOPLIST_KEY_UISupportedInterfaceOrientations_iPad = "UIInterfaceOrientationPortrait UIInterfaceOrientationPortraitUpsideDown UIInterfaceOrientationLandscapeLeft UIInterfaceOrientationLandscapeRight";
				INFOPLIST_KEY_UISupportedInterfaceOrientations_iPhone = "UIInterfaceOrientationPortrait UIInterfaceOrientationLandscapeLeft UIInterfaceOrientationLandscapeRight";
				LD_RUNPATH_SEARCH_PATHS = (
					"$(inherited)",
					"@executable_path/Frameworks",
				);
				MARKETING_VERSION = 1.0;
				PRODUCT_BUNDLE_IDENTIFIER = yaanvar.Countries.app;
				PRODUCT_NAME = "$(TARGET_NAME)";
				SWIFT_EMIT_LOC_STRINGS = YES;
				SWIFT_VERSION = 5.0;
				TARGETED_DEVICE_FAMILY = "1,2";
			};
			name = Debug;
		};
		1890752D27CD3F0800BD2A19 /* Release */ = {
			isa = XCBuildConfiguration;
			buildSettings = {
				ASSETCATALOG_COMPILER_APPICON_NAME = AppIcon;
				ASSETCATALOG_COMPILER_GLOBAL_ACCENT_COLOR_NAME = AccentColor;
				CODE_SIGN_STYLE = Automatic;
				CURRENT_PROJECT_VERSION = 1;
				DEVELOPMENT_TEAM = 8UNQZ8NSJN;
				GENERATE_INFOPLIST_FILE = YES;
				INFOPLIST_FILE = "TFS UITableView & Navigation/Info.plist";
				INFOPLIST_KEY_CFBundleDisplayName = Countries;
				INFOPLIST_KEY_UIApplicationSupportsIndirectInputEvents = YES;
				INFOPLIST_KEY_UILaunchStoryboardName = LaunchScreen;
				INFOPLIST_KEY_UISupportedInterfaceOrientations = UIInterfaceOrientationPortrait;
				INFOPLIST_KEY_UISupportedInterfaceOrientations_iPad = "UIInterfaceOrientationPortrait UIInterfaceOrientationPortraitUpsideDown UIInterfaceOrientationLandscapeLeft UIInterfaceOrientationLandscapeRight";
				INFOPLIST_KEY_UISupportedInterfaceOrientations_iPhone = "UIInterfaceOrientationPortrait UIInterfaceOrientationLandscapeLeft UIInterfaceOrientationLandscapeRight";
				LD_RUNPATH_SEARCH_PATHS = (
					"$(inherited)",
					"@executable_path/Frameworks",
				);
				MARKETING_VERSION = 1.0;
				PRODUCT_BUNDLE_IDENTIFIER = yaanvar.Countries.app;
				PRODUCT_NAME = "$(TARGET_NAME)";
				SWIFT_EMIT_LOC_STRINGS = YES;
				SWIFT_VERSION = 5.0;
				TARGETED_DEVICE_FAMILY = "1,2";
			};
			name = Release;
		};
/* End XCBuildConfiguration section */

/* Begin XCConfigurationList section */
		1890751227CD3F0600BD2A19 /* Build configuration list for PBXProject "TFS UITableView & Navigation" */ = {
			isa = XCConfigurationList;
			buildConfigurations = (
				1890752927CD3F0800BD2A19 /* Debug */,
				1890752A27CD3F0800BD2A19 /* Release */,
			);
			defaultConfigurationIsVisible = 0;
			defaultConfigurationName = Release;
		};
		1890752B27CD3F0800BD2A19 /* Build configuration list for PBXNativeTarget "TFS UITableView & Navigation" */ = {
			isa = XCConfigurationList;
			buildConfigurations = (
				1890752C27CD3F0800BD2A19 /* Debug */,
				1890752D27CD3F0800BD2A19 /* Release */,
			);
			defaultConfigurationIsVisible = 0;
			defaultConfigurationName = Release;
		};
/* End XCConfigurationList section */
	};
	rootObject = 1890750F27CD3F0600BD2A19 /* Project object */;
}
